// !$*UTF8*$!
{
	archiveVersion = 1;
	classes = {
	};
	objectVersion = 46;
	objects = {

/* Begin PBXBuildFile section */
		A0399891AA5319251740C173 /* Pods_EloquenceIOS.framework in Frameworks */ = {isa = PBXBuildFile; fileRef = 01263B3FFC5812B31B8C0D8B /* Pods_EloquenceIOS.framework */; };
		BF03C6501C8DEA8100C4EF25 /* GlobalMenuCell.swift in Sources */ = {isa = PBXBuildFile; fileRef = BF03C64F1C8DEA8100C4EF25 /* GlobalMenuCell.swift */; };
		BF03C6521C8E3BE100C4EF25 /* EMNotification.swift in Sources */ = {isa = PBXBuildFile; fileRef = BF03C6511C8E3BE100C4EF25 /* EMNotification.swift */; };
		BF03C6561C8E40FD00C4EF25 /* EMPreferencesViewController.swift in Sources */ = {isa = PBXBuildFile; fileRef = BF03C6551C8E40FD00C4EF25 /* EMPreferencesViewController.swift */; };
		BF0C5E0F1C8654B0000E2C21 /* MainSplitViewController.swift in Sources */ = {isa = PBXBuildFile; fileRef = BF0C5E0E1C8654B0000E2C21 /* MainSplitViewController.swift */; };
		BF15656B1C84B04A008D6809 /* MulticastDelegateContainer.swift in Sources */ = {isa = PBXBuildFile; fileRef = BF15656A1C84B04A008D6809 /* MulticastDelegateContainer.swift */; };
		BF1565701C84ED39008D6809 /* MulticastDelegateContainer.swift in Sources */ = {isa = PBXBuildFile; fileRef = BF15656A1C84B04A008D6809 /* MulticastDelegateContainer.swift */; };
		BF1565731C84F40C008D6809 /* RosterViewController.swift in Sources */ = {isa = PBXBuildFile; fileRef = BF1565721C84F40C008D6809 /* RosterViewController.swift */; };
		BF1E87BF1C88EB6800B94E55 /* MessageViewController.swift in Sources */ = {isa = PBXBuildFile; fileRef = BFD8BB371C8821C6008CC251 /* MessageViewController.swift */; };
		BF30A51D1C8B555D00ADA6E0 /* PhoneMainViewController.swift in Sources */ = {isa = PBXBuildFile; fileRef = BF30A51C1C8B555D00ADA6E0 /* PhoneMainViewController.swift */; };
		BF30A51F1C8B584E00ADA6E0 /* GlobalMenuViewController.swift in Sources */ = {isa = PBXBuildFile; fileRef = BF30A51E1C8B584E00ADA6E0 /* GlobalMenuViewController.swift */; };
		BF30A5211C8B598C00ADA6E0 /* PreferencesAccountViewController.swift in Sources */ = {isa = PBXBuildFile; fileRef = BF30A5201C8B598C00ADA6E0 /* PreferencesAccountViewController.swift */; };
		BF3277751C767F8F00C6CA48 /* PreferencesAccountDialogWindowController.swift in Sources */ = {isa = PBXBuildFile; fileRef = BF3277731C767F8F00C6CA48 /* PreferencesAccountDialogWindowController.swift */; };
		BF3277761C767F8F00C6CA48 /* PreferencesAccountDialogWindowController.xib in Resources */ = {isa = PBXBuildFile; fileRef = BF3277741C767F8F00C6CA48 /* PreferencesAccountDialogWindowController.xib */; };
		BF32777D1C76A4A900C6CA48 /* libidn.a in Frameworks */ = {isa = PBXBuildFile; fileRef = BF32777A1C76A4A900C6CA48 /* libidn.a */; };
		BF35630A1C8F1E0700262548 /* EMPreferencesSwitchCell.swift in Sources */ = {isa = PBXBuildFile; fileRef = BF3563091C8F1E0700262548 /* EMPreferencesSwitchCell.swift */; };
		BF35630C1C8F567C00262548 /* EMAccountsViewController.swift in Sources */ = {isa = PBXBuildFile; fileRef = BF35630B1C8F567C00262548 /* EMAccountsViewController.swift */; };
		BF35630E1C8F577100262548 /* EMAccountCell.swift in Sources */ = {isa = PBXBuildFile; fileRef = BF35630D1C8F577100262548 /* EMAccountCell.swift */; };
		BF3563101C8F722A00262548 /* EMAddAccountViewController.swift in Sources */ = {isa = PBXBuildFile; fileRef = BF35630F1C8F722A00262548 /* EMAddAccountViewController.swift */; };
		BF3B15031C8B008800C0D27F /* Security.framework in Frameworks */ = {isa = PBXBuildFile; fileRef = BF3B15021C8B008800C0D27F /* Security.framework */; };
		BF4874981CA3DEAC00029110 /* MessageViewController.xib in Resources */ = {isa = PBXBuildFile; fileRef = BF4874971CA3DEAC00029110 /* MessageViewController.xib */; };
		BF48749A1CA4521900029110 /* EXTextMessageCell.xib in Resources */ = {isa = PBXBuildFile; fileRef = BF4874991CA4521900029110 /* EXTextMessageCell.xib */; };
		BF48749C1CA4522800029110 /* EXTextMessageCell.swift in Sources */ = {isa = PBXBuildFile; fileRef = BF48749B1CA4522800029110 /* EXTextMessageCell.swift */; };
		BF4F41CF1C94541F00EE5390 /* EloCapabilities.swift in Sources */ = {isa = PBXBuildFile; fileRef = BF4F41CE1C94541F00EE5390 /* EloCapabilities.swift */; };
		BF4F41D01C94541F00EE5390 /* EloCapabilities.swift in Sources */ = {isa = PBXBuildFile; fileRef = BF4F41CE1C94541F00EE5390 /* EloCapabilities.swift */; };
		BF4F41D51C94B3A600EE5390 /* EloChats.swift in Sources */ = {isa = PBXBuildFile; fileRef = BF4F41D41C94B3A600EE5390 /* EloChats.swift */; };
		BF4F41D61C94B3A600EE5390 /* EloChats.swift in Sources */ = {isa = PBXBuildFile; fileRef = BF4F41D41C94B3A600EE5390 /* EloChats.swift */; };
		BF4F41DB1C94C1D300EE5390 /* EloPseudoStructs.swift in Sources */ = {isa = PBXBuildFile; fileRef = BF4F41DA1C94C1D300EE5390 /* EloPseudoStructs.swift */; };
		BF4F41DC1C94C1D300EE5390 /* EloPseudoStructs.swift in Sources */ = {isa = PBXBuildFile; fileRef = BF4F41DA1C94C1D300EE5390 /* EloPseudoStructs.swift */; };
		BF4F41DD1C94C2EF00EE5390 /* EloXMPPRosterCoreDataStorage.h in Sources */ = {isa = PBXBuildFile; fileRef = BF7CB56F1C91714E001D4287 /* EloXMPPRosterCoreDataStorage.h */; };
		BF7CB5711C91714E001D4287 /* EloXMPPRosterCoreDataStorage.m in Sources */ = {isa = PBXBuildFile; fileRef = BF7CB5701C91714E001D4287 /* EloXMPPRosterCoreDataStorage.m */; };
		BF7CB5721C91714E001D4287 /* EloXMPPRosterCoreDataStorage.m in Sources */ = {isa = PBXBuildFile; fileRef = BF7CB5701C91714E001D4287 /* EloXMPPRosterCoreDataStorage.m */; };
		BF7CB5741C91DD86001D4287 /* EloRoster.swift in Sources */ = {isa = PBXBuildFile; fileRef = BF7CB5731C91DD86001D4287 /* EloRoster.swift */; };
		BF7CB5751C91DD86001D4287 /* EloRoster.swift in Sources */ = {isa = PBXBuildFile; fileRef = BF7CB5731C91DD86001D4287 /* EloRoster.swift */; };
		BF7CB5781C91E01E001D4287 /* EloXMPPRoster.xcdatamodeld in Sources */ = {isa = PBXBuildFile; fileRef = BF7CB5761C91E01E001D4287 /* EloXMPPRoster.xcdatamodeld */; };
		BF7CB5791C91E01E001D4287 /* EloXMPPRoster.xcdatamodeld in Sources */ = {isa = PBXBuildFile; fileRef = BF7CB5761C91E01E001D4287 /* EloXMPPRoster.xcdatamodeld */; };
		BF7CB57B1C91FE5F001D4287 /* RosterCell.swift in Sources */ = {isa = PBXBuildFile; fileRef = BF7CB57A1C91FE5F001D4287 /* RosterCell.swift */; };
		BF7F8CE61C779E7100E5BA61 /* MainWindowController.swift in Sources */ = {isa = PBXBuildFile; fileRef = BF7F8CE51C779E7100E5BA61 /* MainWindowController.swift */; };
		BF84B0F11C8668410076EAB1 /* Pods_Eloquence.framework in Frameworks */ = {isa = PBXBuildFile; fileRef = BEE984B5D505A24AD989997A /* Pods_Eloquence.framework */; };
		BF981C591C803F8600FF7AC5 /* ErrorDialog.swift in Sources */ = {isa = PBXBuildFile; fileRef = BF981C581C803F8600FF7AC5 /* ErrorDialog.swift */; };
		BF9D76B51C97240000CC7727 /* EloAccountJid.swift in Sources */ = {isa = PBXBuildFile; fileRef = BF9D76B41C97240000CC7727 /* EloAccountJid.swift */; };
		BF9D76B61C97240000CC7727 /* EloAccountJid.swift in Sources */ = {isa = PBXBuildFile; fileRef = BF9D76B41C97240000CC7727 /* EloAccountJid.swift */; };
		BF9D76B81C97242600CC7727 /* EloContactJid.swift in Sources */ = {isa = PBXBuildFile; fileRef = BF9D76B71C97242600CC7727 /* EloContactJid.swift */; };
		BF9D76B91C97242600CC7727 /* EloContactJid.swift in Sources */ = {isa = PBXBuildFile; fileRef = BF9D76B71C97242600CC7727 /* EloContactJid.swift */; };
		BF9D76BB1C97685600CC7727 /* EloUtils.swift in Sources */ = {isa = PBXBuildFile; fileRef = BF9D76BA1C97685600CC7727 /* EloUtils.swift */; };
		BF9D76BC1C97685600CC7727 /* EloUtils.swift in Sources */ = {isa = PBXBuildFile; fileRef = BF9D76BA1C97685600CC7727 /* EloUtils.swift */; };
		BF9D76BE1C98C82400CC7727 /* EloFetchedResultsController.swift in Sources */ = {isa = PBXBuildFile; fileRef = BF9D76BD1C98C82400CC7727 /* EloFetchedResultsController.swift */; };
		BF9D76BF1C98C82400CC7727 /* EloFetchedResultsController.swift in Sources */ = {isa = PBXBuildFile; fileRef = BF9D76BD1C98C82400CC7727 /* EloFetchedResultsController.swift */; };
		BFABEAD01CA9BE700035F0AF /* XMPPMessageArchiveManagement.xcdatamodeld in Sources */ = {isa = PBXBuildFile; fileRef = BFABEACE1CA9BE700035F0AF /* XMPPMessageArchiveManagement.xcdatamodeld */; };
		BFABEAD11CA9BE700035F0AF /* XMPPMessageArchiveManagement.xcdatamodeld in Sources */ = {isa = PBXBuildFile; fileRef = BFABEACE1CA9BE700035F0AF /* XMPPMessageArchiveManagement.xcdatamodeld */; };
		BFAEE05A1CA1FD8100F58BE2 /* EXRosterContactCell.xib in Resources */ = {isa = PBXBuildFile; fileRef = BFAEE0591CA1FD8100F58BE2 /* EXRosterContactCell.xib */; };
		BFAEE05C1CA1FD9700F58BE2 /* EXRosterContactCell.swift in Sources */ = {isa = PBXBuildFile; fileRef = BFAEE05B1CA1FD9700F58BE2 /* EXRosterContactCell.swift */; };
		BFB6308C1C73CE980008179D /* Assets.xcassets in Resources */ = {isa = PBXBuildFile; fileRef = BFB6308B1C73CE980008179D /* Assets.xcassets */; };
		BFB6309A1C73CE990008179D /* EloquenceTests.m in Sources */ = {isa = PBXBuildFile; fileRef = BFB630991C73CE990008179D /* EloquenceTests.m */; };
		BFB630A51C73CE990008179D /* EloquenceUITests.m in Sources */ = {isa = PBXBuildFile; fileRef = BFB630A41C73CE990008179D /* EloquenceUITests.m */; };
		BFB630B31C73CF150008179D /* Security.framework in Frameworks */ = {isa = PBXBuildFile; fileRef = BFB630B21C73CF150008179D /* Security.framework */; };
		BFB630BE1C73CF920008179D /* libresolv.tbd in Frameworks */ = {isa = PBXBuildFile; fileRef = BFB630BD1C73CF920008179D /* libresolv.tbd */; };
		BFD0E6341C770D5E0085A57E /* AccountTableCellView.swift in Sources */ = {isa = PBXBuildFile; fileRef = BFD0E6331C770D5D0085A57E /* AccountTableCellView.swift */; };
		BFD895C01C88FBC100A6CA05 /* Shared.storyboard in Resources */ = {isa = PBXBuildFile; fileRef = BFD895BF1C88FBC100A6CA05 /* Shared.storyboard */; };
		BFD895C21C88FD2F00A6CA05 /* RosterViewController.swift in Sources */ = {isa = PBXBuildFile; fileRef = BFD895C11C88FD2F00A6CA05 /* RosterViewController.swift */; };
		BFD895C51C896F3800A6CA05 /* EloChat.swift in Sources */ = {isa = PBXBuildFile; fileRef = BFD8BB331C86C8ED008CC251 /* EloChat.swift */; };
		BFD895C91C8A242A00A6CA05 /* Phone.storyboard in Resources */ = {isa = PBXBuildFile; fileRef = BFD895C81C8A242A00A6CA05 /* Phone.storyboard */; };
		BFD895D31C8A4A6F00A6CA05 /* menu.png in Resources */ = {isa = PBXBuildFile; fileRef = BFD895D01C8A4A6F00A6CA05 /* menu.png */; };
		BFD895D41C8A4A6F00A6CA05 /* menu@2x.png in Resources */ = {isa = PBXBuildFile; fileRef = BFD895D11C8A4A6F00A6CA05 /* menu@2x.png */; };
		BFD895D51C8A4A6F00A6CA05 /* menu@3x.png in Resources */ = {isa = PBXBuildFile; fileRef = BFD895D21C8A4A6F00A6CA05 /* menu@3x.png */; };
		BFD895D71C8A517600A6CA05 /* MessageViewController.swift in Sources */ = {isa = PBXBuildFile; fileRef = BFD895D61C8A517600A6CA05 /* MessageViewController.swift */; };
		BFD895DB1C8A560E00A6CA05 /* chevron-left.png in Resources */ = {isa = PBXBuildFile; fileRef = BFD895D81C8A560E00A6CA05 /* chevron-left.png */; };
		BFD895DC1C8A560E00A6CA05 /* chevron-left@2x.png in Resources */ = {isa = PBXBuildFile; fileRef = BFD895D91C8A560E00A6CA05 /* chevron-left@2x.png */; };
		BFD895DD1C8A560E00A6CA05 /* chevron-left@3x.png in Resources */ = {isa = PBXBuildFile; fileRef = BFD895DA1C8A560E00A6CA05 /* chevron-left@3x.png */; };
		BFD895DF1C8A5B2B00A6CA05 /* PadViewController.swift in Sources */ = {isa = PBXBuildFile; fileRef = BFD895DE1C8A5B2B00A6CA05 /* PadViewController.swift */; };
		BFD8BB341C86C8ED008CC251 /* EloChat.swift in Sources */ = {isa = PBXBuildFile; fileRef = BFD8BB331C86C8ED008CC251 /* EloChat.swift */; };
		BFD8BB431C88C628008CC251 /* EloConstants.swift in Sources */ = {isa = PBXBuildFile; fileRef = BFD8BB421C88C628008CC251 /* EloConstants.swift */; };
		BFD8BB441C88C628008CC251 /* EloConstants.swift in Sources */ = {isa = PBXBuildFile; fileRef = BFD8BB421C88C628008CC251 /* EloConstants.swift */; };
		BFDC159A1CAC3C0500E8A39C /* XMPPMessage+XEP_0313.m in Sources */ = {isa = PBXBuildFile; fileRef = BFDC15991CAC3C0500E8A39C /* XMPPMessage+XEP_0313.m */; };
		BFDC159B1CAC3C0500E8A39C /* XMPPMessage+XEP_0313.m in Sources */ = {isa = PBXBuildFile; fileRef = BFDC15991CAC3C0500E8A39C /* XMPPMessage+XEP_0313.m */; };
		BFDC159D1CAC630900E8A39C /* README.md in Sources */ = {isa = PBXBuildFile; fileRef = BFDC159C1CAC630900E8A39C /* README.md */; };
		BFDC159E1CAC630900E8A39C /* README.md in Sources */ = {isa = PBXBuildFile; fileRef = BFDC159C1CAC630900E8A39C /* README.md */; };
		BFE55FFE1C746AE400DE25B2 /* PreferencesGeneralViewController.xib in Resources */ = {isa = PBXBuildFile; fileRef = BFE55FFC1C746AE400DE25B2 /* PreferencesGeneralViewController.xib */; };
		BFE560031C7512D200DE25B2 /* PreferencesAccountViewController.xib in Resources */ = {isa = PBXBuildFile; fileRef = BFE560011C7512D200DE25B2 /* PreferencesAccountViewController.xib */; };
		BFE5601E1C75BE8D00DE25B2 /* PreferencesAccountViewController.swift in Sources */ = {isa = PBXBuildFile; fileRef = BFE5601D1C75BE8D00DE25B2 /* PreferencesAccountViewController.swift */; };
		BFE563201C75D19F00DE25B2 /* AppDelegate.swift in Sources */ = {isa = PBXBuildFile; fileRef = BFE5631F1C75D19F00DE25B2 /* AppDelegate.swift */; };
		BFE5632E1C76705500DE25B2 /* Main.storyboard in Resources */ = {isa = PBXBuildFile; fileRef = BFE5632D1C76705500DE25B2 /* Main.storyboard */; };
		BFEA5A051C88F26000EF5304 /* EloMessage.swift in Sources */ = {isa = PBXBuildFile; fileRef = BFEA5A041C88F26000EF5304 /* EloMessage.swift */; };
		BFEA5A061C88F26000EF5304 /* EloMessage.swift in Sources */ = {isa = PBXBuildFile; fileRef = BFEA5A041C88F26000EF5304 /* EloMessage.swift */; };
		BFEC352F1C839DA2005CB593 /* AppDelegate.swift in Sources */ = {isa = PBXBuildFile; fileRef = BFEC352E1C839DA2005CB593 /* AppDelegate.swift */; };
		BFEC35311C839DA2005CB593 /* ViewController.swift in Sources */ = {isa = PBXBuildFile; fileRef = BFEC35301C839DA2005CB593 /* ViewController.swift */; };
		BFEC35341C839DA2005CB593 /* Pad.storyboard in Resources */ = {isa = PBXBuildFile; fileRef = BFEC35321C839DA2005CB593 /* Pad.storyboard */; };
		BFEC35361C839DA2005CB593 /* Assets.xcassets in Resources */ = {isa = PBXBuildFile; fileRef = BFEC35351C839DA2005CB593 /* Assets.xcassets */; };
		BFEC35391C839DA2005CB593 /* LaunchScreen.storyboard in Resources */ = {isa = PBXBuildFile; fileRef = BFEC35371C839DA2005CB593 /* LaunchScreen.storyboard */; };
		BFEC35441C839DA2005CB593 /* EloquenceIOSTests.swift in Sources */ = {isa = PBXBuildFile; fileRef = BFEC35431C839DA2005CB593 /* EloquenceIOSTests.swift */; };
		BFEC354F1C839DA2005CB593 /* EloquenceIOSUITests.swift in Sources */ = {isa = PBXBuildFile; fileRef = BFEC354E1C839DA2005CB593 /* EloquenceIOSUITests.swift */; };
		BFEC35661C83A0EE005CB593 /* PreferencesGeneralViewController.swift in Sources */ = {isa = PBXBuildFile; fileRef = BFEC35651C83A0EE005CB593 /* PreferencesGeneralViewController.swift */; };
		BFEC35941C83A50D005CB593 /* DataController.swift in Sources */ = {isa = PBXBuildFile; fileRef = BFEC358E1C83A50D005CB593 /* DataController.swift */; };
		BFEC35951C83A50D005CB593 /* DataModel.xcdatamodeld in Sources */ = {isa = PBXBuildFile; fileRef = BFEC358F1C83A50D005CB593 /* DataModel.xcdatamodeld */; };
		BFEC35961C83A50D005CB593 /* EloAccount.swift in Sources */ = {isa = PBXBuildFile; fileRef = BFEC35911C83A50D005CB593 /* EloAccount.swift */; };
		BFEC35971C83A50D005CB593 /* EloConnection.swift in Sources */ = {isa = PBXBuildFile; fileRef = BFEC35921C83A50D005CB593 /* EloConnection.swift */; };
		BFEC35981C83A50D005CB593 /* EloConnections.swift in Sources */ = {isa = PBXBuildFile; fileRef = BFEC35931C83A50D005CB593 /* EloConnections.swift */; };
		BFEC35991C83A91C005CB593 /* DataController.swift in Sources */ = {isa = PBXBuildFile; fileRef = BFEC358E1C83A50D005CB593 /* DataController.swift */; };
		BFEC359A1C83A91C005CB593 /* DataModel.xcdatamodeld in Sources */ = {isa = PBXBuildFile; fileRef = BFEC358F1C83A50D005CB593 /* DataModel.xcdatamodeld */; };
		BFEC359B1C83A91C005CB593 /* EloAccount.swift in Sources */ = {isa = PBXBuildFile; fileRef = BFEC35911C83A50D005CB593 /* EloAccount.swift */; };
		BFEC359C1C83A91C005CB593 /* EloConnection.swift in Sources */ = {isa = PBXBuildFile; fileRef = BFEC35921C83A50D005CB593 /* EloConnection.swift */; };
		BFEC359D1C83A91C005CB593 /* EloConnections.swift in Sources */ = {isa = PBXBuildFile; fileRef = BFEC35931C83A50D005CB593 /* EloConnections.swift */; };
		BFED7DBD1CA888E0000A226B /* XMPPMessageArchiveManagement.m in Sources */ = {isa = PBXBuildFile; fileRef = BFED7DBC1CA888E0000A226B /* XMPPMessageArchiveManagement.m */; };
		BFED7DC41CA9B546000A226B /* XMPPMessageArchiveManagement_Contact_CoreDataObject.m in Sources */ = {isa = PBXBuildFile; fileRef = BFED7DBF1CA9B546000A226B /* XMPPMessageArchiveManagement_Contact_CoreDataObject.m */; };
		BFED7DC51CA9B546000A226B /* XMPPMessageArchiveManagement_Message_CoreDataObject.m in Sources */ = {isa = PBXBuildFile; fileRef = BFED7DC11CA9B546000A226B /* XMPPMessageArchiveManagement_Message_CoreDataObject.m */; };
		BFED7DC61CA9B546000A226B /* XMPPMessageArchiveManagementCoreDataStorage.m in Sources */ = {isa = PBXBuildFile; fileRef = BFED7DC31CA9B546000A226B /* XMPPMessageArchiveManagementCoreDataStorage.m */; };
/* End PBXBuildFile section */

/* Begin PBXContainerItemProxy section */
		BFB630961C73CE990008179D /* PBXContainerItemProxy */ = {
			isa = PBXContainerItemProxy;
			containerPortal = BFB630771C73CE980008179D /* Project object */;
			proxyType = 1;
			remoteGlobalIDString = BFB6307E1C73CE980008179D;
			remoteInfo = Eloquence;
		};
		BFB630A11C73CE990008179D /* PBXContainerItemProxy */ = {
			isa = PBXContainerItemProxy;
			containerPortal = BFB630771C73CE980008179D /* Project object */;
			proxyType = 1;
			remoteGlobalIDString = BFB6307E1C73CE980008179D;
			remoteInfo = Eloquence;
		};
		BFEC35401C839DA2005CB593 /* PBXContainerItemProxy */ = {
			isa = PBXContainerItemProxy;
			containerPortal = BFB630771C73CE980008179D /* Project object */;
			proxyType = 1;
			remoteGlobalIDString = BFEC352B1C839DA1005CB593;
			remoteInfo = EloquenceIOS;
		};
		BFEC354B1C839DA2005CB593 /* PBXContainerItemProxy */ = {
			isa = PBXContainerItemProxy;
			containerPortal = BFB630771C73CE980008179D /* Project object */;
			proxyType = 1;
			remoteGlobalIDString = BFEC352B1C839DA1005CB593;
			remoteInfo = EloquenceIOS;
		};
/* End PBXContainerItemProxy section */

/* Begin PBXFileReference section */
		01263B3FFC5812B31B8C0D8B /* Pods_EloquenceIOS.framework */ = {isa = PBXFileReference; explicitFileType = wrapper.framework; includeInIndex = 0; path = Pods_EloquenceIOS.framework; sourceTree = BUILT_PRODUCTS_DIR; };
		0A5FDE8C9090575DBB3F781A /* Pods-Eloquence.debug.xcconfig */ = {isa = PBXFileReference; includeInIndex = 1; lastKnownFileType = text.xcconfig; name = "Pods-Eloquence.debug.xcconfig"; path = "../Pods/Target Support Files/Pods-Eloquence/Pods-Eloquence.debug.xcconfig"; sourceTree = "<group>"; };
		9999746138C218BBFB88AA19 /* Pods-EloquenceIOS.debug.xcconfig */ = {isa = PBXFileReference; includeInIndex = 1; lastKnownFileType = text.xcconfig; name = "Pods-EloquenceIOS.debug.xcconfig"; path = "../Pods/Target Support Files/Pods-EloquenceIOS/Pods-EloquenceIOS.debug.xcconfig"; sourceTree = "<group>"; };
		9B0B89D9ADCF56E390AC96A8 /* Pods.framework */ = {isa = PBXFileReference; explicitFileType = wrapper.framework; includeInIndex = 0; path = Pods.framework; sourceTree = BUILT_PRODUCTS_DIR; };
		A51378B492D5C2B0B9E8AC28 /* Pods-EloquenceIOS.release.xcconfig */ = {isa = PBXFileReference; includeInIndex = 1; lastKnownFileType = text.xcconfig; name = "Pods-EloquenceIOS.release.xcconfig"; path = "../Pods/Target Support Files/Pods-EloquenceIOS/Pods-EloquenceIOS.release.xcconfig"; sourceTree = "<group>"; };
		BEE984B5D505A24AD989997A /* Pods_Eloquence.framework */ = {isa = PBXFileReference; explicitFileType = wrapper.framework; includeInIndex = 0; path = Pods_Eloquence.framework; sourceTree = BUILT_PRODUCTS_DIR; };
		BF03C64F1C8DEA8100C4EF25 /* GlobalMenuCell.swift */ = {isa = PBXFileReference; fileEncoding = 4; lastKnownFileType = sourcecode.swift; path = GlobalMenuCell.swift; sourceTree = "<group>"; };
		BF03C6511C8E3BE100C4EF25 /* EMNotification.swift */ = {isa = PBXFileReference; fileEncoding = 4; lastKnownFileType = sourcecode.swift; path = EMNotification.swift; sourceTree = "<group>"; };
		BF03C6551C8E40FD00C4EF25 /* EMPreferencesViewController.swift */ = {isa = PBXFileReference; fileEncoding = 4; lastKnownFileType = sourcecode.swift; path = EMPreferencesViewController.swift; sourceTree = "<group>"; };
		BF0C5E0E1C8654B0000E2C21 /* MainSplitViewController.swift */ = {isa = PBXFileReference; fileEncoding = 4; lastKnownFileType = sourcecode.swift; path = MainSplitViewController.swift; sourceTree = "<group>"; };
		BF15656A1C84B04A008D6809 /* MulticastDelegateContainer.swift */ = {isa = PBXFileReference; fileEncoding = 4; lastKnownFileType = sourcecode.swift; path = MulticastDelegateContainer.swift; sourceTree = "<group>"; };
		BF1565721C84F40C008D6809 /* RosterViewController.swift */ = {isa = PBXFileReference; fileEncoding = 4; lastKnownFileType = sourcecode.swift; path = RosterViewController.swift; sourceTree = "<group>"; };
		BF30A51C1C8B555D00ADA6E0 /* PhoneMainViewController.swift */ = {isa = PBXFileReference; fileEncoding = 4; lastKnownFileType = sourcecode.swift; path = PhoneMainViewController.swift; sourceTree = "<group>"; };
		BF30A51E1C8B584E00ADA6E0 /* GlobalMenuViewController.swift */ = {isa = PBXFileReference; fileEncoding = 4; lastKnownFileType = sourcecode.swift; path = GlobalMenuViewController.swift; sourceTree = "<group>"; };
		BF30A5201C8B598C00ADA6E0 /* PreferencesAccountViewController.swift */ = {isa = PBXFileReference; fileEncoding = 4; lastKnownFileType = sourcecode.swift; path = PreferencesAccountViewController.swift; sourceTree = "<group>"; };
		BF3277731C767F8F00C6CA48 /* PreferencesAccountDialogWindowController.swift */ = {isa = PBXFileReference; fileEncoding = 4; lastKnownFileType = sourcecode.swift; name = PreferencesAccountDialogWindowController.swift; path = Preferences/PreferencesAccountDialogWindowController.swift; sourceTree = "<group>"; };
		BF3277741C767F8F00C6CA48 /* PreferencesAccountDialogWindowController.xib */ = {isa = PBXFileReference; fileEncoding = 4; lastKnownFileType = file.xib; name = PreferencesAccountDialogWindowController.xib; path = Preferences/PreferencesAccountDialogWindowController.xib; sourceTree = "<group>"; };
		BF3277791C76A4A900C6CA48 /* idn-int.h */ = {isa = PBXFileReference; lastKnownFileType = sourcecode.c.h; name = "idn-int.h"; path = "../Pods/XMPPFramework/Vendor/libidn/idn-int.h"; sourceTree = "<group>"; };
		BF32777A1C76A4A900C6CA48 /* libidn.a */ = {isa = PBXFileReference; lastKnownFileType = archive.ar; name = libidn.a; path = ../Pods/XMPPFramework/Vendor/libidn/libidn.a; sourceTree = "<group>"; };
		BF32777B1C76A4A900C6CA48 /* stringprep.h */ = {isa = PBXFileReference; lastKnownFileType = sourcecode.c.h; name = stringprep.h; path = ../Pods/XMPPFramework/Vendor/libidn/stringprep.h; sourceTree = "<group>"; };
		BF3563091C8F1E0700262548 /* EMPreferencesSwitchCell.swift */ = {isa = PBXFileReference; fileEncoding = 4; lastKnownFileType = sourcecode.swift; path = EMPreferencesSwitchCell.swift; sourceTree = "<group>"; };
		BF35630B1C8F567C00262548 /* EMAccountsViewController.swift */ = {isa = PBXFileReference; fileEncoding = 4; lastKnownFileType = sourcecode.swift; path = EMAccountsViewController.swift; sourceTree = "<group>"; };
		BF35630D1C8F577100262548 /* EMAccountCell.swift */ = {isa = PBXFileReference; fileEncoding = 4; lastKnownFileType = sourcecode.swift; path = EMAccountCell.swift; sourceTree = "<group>"; };
		BF35630F1C8F722A00262548 /* EMAddAccountViewController.swift */ = {isa = PBXFileReference; fileEncoding = 4; lastKnownFileType = sourcecode.swift; path = EMAddAccountViewController.swift; sourceTree = "<group>"; };
		BF3B15001C8B007100C0D27F /* WYPopoverController.framework */ = {isa = PBXFileReference; lastKnownFileType = wrapper.framework; name = WYPopoverController.framework; path = "/opt/eloquence/Pods/../build/Debug-iphoneos/WYPopoverController.framework"; sourceTree = "<absolute>"; };
		BF3B15021C8B008800C0D27F /* Security.framework */ = {isa = PBXFileReference; lastKnownFileType = wrapper.framework; name = Security.framework; path = Platforms/iPhoneOS.platform/Developer/SDKs/iPhoneOS9.2.sdk/System/Library/Frameworks/Security.framework; sourceTree = DEVELOPER_DIR; };
		BF4874971CA3DEAC00029110 /* MessageViewController.xib */ = {isa = PBXFileReference; fileEncoding = 4; lastKnownFileType = file.xib; path = MessageViewController.xib; sourceTree = "<group>"; };
		BF4874991CA4521900029110 /* EXTextMessageCell.xib */ = {isa = PBXFileReference; fileEncoding = 4; lastKnownFileType = file.xib; name = EXTextMessageCell.xib; path = Cells/EXTextMessageCell.xib; sourceTree = "<group>"; };
		BF48749B1CA4522800029110 /* EXTextMessageCell.swift */ = {isa = PBXFileReference; fileEncoding = 4; lastKnownFileType = sourcecode.swift; name = EXTextMessageCell.swift; path = Cells/EXTextMessageCell.swift; sourceTree = "<group>"; };
		BF4F41CE1C94541F00EE5390 /* EloCapabilities.swift */ = {isa = PBXFileReference; fileEncoding = 4; lastKnownFileType = sourcecode.swift; path = EloCapabilities.swift; sourceTree = "<group>"; };
		BF4F41D41C94B3A600EE5390 /* EloChats.swift */ = {isa = PBXFileReference; fileEncoding = 4; lastKnownFileType = sourcecode.swift; path = EloChats.swift; sourceTree = "<group>"; };
		BF4F41DA1C94C1D300EE5390 /* EloPseudoStructs.swift */ = {isa = PBXFileReference; fileEncoding = 4; lastKnownFileType = sourcecode.swift; path = EloPseudoStructs.swift; sourceTree = "<group>"; };
		BF7CB56F1C91714E001D4287 /* EloXMPPRosterCoreDataStorage.h */ = {isa = PBXFileReference; fileEncoding = 4; lastKnownFileType = sourcecode.c.h; path = EloXMPPRosterCoreDataStorage.h; sourceTree = "<group>"; };
		BF7CB5701C91714E001D4287 /* EloXMPPRosterCoreDataStorage.m */ = {isa = PBXFileReference; fileEncoding = 4; lastKnownFileType = sourcecode.c.objc; path = EloXMPPRosterCoreDataStorage.m; sourceTree = "<group>"; };
		BF7CB5731C91DD86001D4287 /* EloRoster.swift */ = {isa = PBXFileReference; fileEncoding = 4; lastKnownFileType = sourcecode.swift; path = EloRoster.swift; sourceTree = "<group>"; };
		BF7CB5771C91E01E001D4287 /* EloXMPPRoster.xcdatamodel */ = {isa = PBXFileReference; lastKnownFileType = wrapper.xcdatamodel; path = EloXMPPRoster.xcdatamodel; sourceTree = "<group>"; };
		BF7CB57A1C91FE5F001D4287 /* RosterCell.swift */ = {isa = PBXFileReference; fileEncoding = 4; lastKnownFileType = sourcecode.swift; path = RosterCell.swift; sourceTree = "<group>"; };
		BF7F8CE51C779E7100E5BA61 /* MainWindowController.swift */ = {isa = PBXFileReference; fileEncoding = 4; lastKnownFileType = sourcecode.swift; path = MainWindowController.swift; sourceTree = "<group>"; };
		BF981C581C803F8600FF7AC5 /* ErrorDialog.swift */ = {isa = PBXFileReference; fileEncoding = 4; lastKnownFileType = sourcecode.swift; name = ErrorDialog.swift; path = Dialogs/ErrorDialog.swift; sourceTree = "<group>"; };
		BF9D76B41C97240000CC7727 /* EloAccountJid.swift */ = {isa = PBXFileReference; fileEncoding = 4; lastKnownFileType = sourcecode.swift; path = EloAccountJid.swift; sourceTree = "<group>"; };
		BF9D76B71C97242600CC7727 /* EloContactJid.swift */ = {isa = PBXFileReference; fileEncoding = 4; lastKnownFileType = sourcecode.swift; path = EloContactJid.swift; sourceTree = "<group>"; };
		BF9D76BA1C97685600CC7727 /* EloUtils.swift */ = {isa = PBXFileReference; fileEncoding = 4; lastKnownFileType = sourcecode.swift; path = EloUtils.swift; sourceTree = "<group>"; };
		BF9D76BD1C98C82400CC7727 /* EloFetchedResultsController.swift */ = {isa = PBXFileReference; fileEncoding = 4; lastKnownFileType = sourcecode.swift; path = EloFetchedResultsController.swift; sourceTree = "<group>"; };
		BFA60D061C8AFFC600E9AFBB /* EloquenceIOS-Bridging-Header.h */ = {isa = PBXFileReference; lastKnownFileType = sourcecode.c.h; path = "EloquenceIOS-Bridging-Header.h"; sourceTree = "<group>"; };
		BFA61BCA1C7BACF400B48A21 /* CocoaAsyncSocket.framework */ = {isa = PBXFileReference; lastKnownFileType = wrapper.framework; name = CocoaAsyncSocket.framework; path = "../../../Users/farion/Library/Developer/Xcode/DerivedData/Eloquence-fcvfsoowvtqqauchozzlyrtoouwj/Build/Products/Debug/CocoaAsyncSocket.framework"; sourceTree = "<group>"; };
		BFABEACF1CA9BE700035F0AF /* XMPPMessageArchiveManagement.xcdatamodel */ = {isa = PBXFileReference; lastKnownFileType = wrapper.xcdatamodel; path = XMPPMessageArchiveManagement.xcdatamodel; sourceTree = "<group>"; };
		BFAEE0591CA1FD8100F58BE2 /* EXRosterContactCell.xib */ = {isa = PBXFileReference; fileEncoding = 4; lastKnownFileType = file.xib; name = EXRosterContactCell.xib; path = Cells/EXRosterContactCell.xib; sourceTree = "<group>"; };
		BFAEE05B1CA1FD9700F58BE2 /* EXRosterContactCell.swift */ = {isa = PBXFileReference; fileEncoding = 4; lastKnownFileType = sourcecode.swift; name = EXRosterContactCell.swift; path = Cells/EXRosterContactCell.swift; sourceTree = "<group>"; };
		BFB6307F1C73CE980008179D /* Eloquence.app */ = {isa = PBXFileReference; explicitFileType = wrapper.application; includeInIndex = 0; path = Eloquence.app; sourceTree = BUILT_PRODUCTS_DIR; };
		BFB6308B1C73CE980008179D /* Assets.xcassets */ = {isa = PBXFileReference; lastKnownFileType = folder.assetcatalog; path = Assets.xcassets; sourceTree = "<group>"; };
		BFB630901C73CE980008179D /* Info.plist */ = {isa = PBXFileReference; lastKnownFileType = text.plist.xml; path = Info.plist; sourceTree = "<group>"; };
		BFB630951C73CE990008179D /* EloquenceTests.xctest */ = {isa = PBXFileReference; explicitFileType = wrapper.cfbundle; includeInIndex = 0; path = EloquenceTests.xctest; sourceTree = BUILT_PRODUCTS_DIR; };
		BFB630991C73CE990008179D /* EloquenceTests.m */ = {isa = PBXFileReference; lastKnownFileType = sourcecode.c.objc; path = EloquenceTests.m; sourceTree = "<group>"; };
		BFB6309B1C73CE990008179D /* Info.plist */ = {isa = PBXFileReference; lastKnownFileType = text.plist.xml; path = Info.plist; sourceTree = "<group>"; };
		BFB630A01C73CE990008179D /* EloquenceUITests.xctest */ = {isa = PBXFileReference; explicitFileType = wrapper.cfbundle; includeInIndex = 0; path = EloquenceUITests.xctest; sourceTree = BUILT_PRODUCTS_DIR; };
		BFB630A41C73CE990008179D /* EloquenceUITests.m */ = {isa = PBXFileReference; lastKnownFileType = sourcecode.c.objc; path = EloquenceUITests.m; sourceTree = "<group>"; };
		BFB630A61C73CE990008179D /* Info.plist */ = {isa = PBXFileReference; lastKnownFileType = text.plist.xml; path = Info.plist; sourceTree = "<group>"; };
		BFB630B21C73CF150008179D /* Security.framework */ = {isa = PBXFileReference; lastKnownFileType = wrapper.framework; name = Security.framework; path = System/Library/Frameworks/Security.framework; sourceTree = SDKROOT; };
		BFB630BD1C73CF920008179D /* libresolv.tbd */ = {isa = PBXFileReference; lastKnownFileType = "sourcecode.text-based-dylib-definition"; name = libresolv.tbd; path = usr/lib/libresolv.tbd; sourceTree = SDKROOT; };
		BFD0E6331C770D5D0085A57E /* AccountTableCellView.swift */ = {isa = PBXFileReference; fileEncoding = 4; lastKnownFileType = sourcecode.swift; name = AccountTableCellView.swift; path = Preferences/AccountTableCellView.swift; sourceTree = "<group>"; };
		BFD895BF1C88FBC100A6CA05 /* Shared.storyboard */ = {isa = PBXFileReference; fileEncoding = 4; lastKnownFileType = file.storyboard; path = Shared.storyboard; sourceTree = "<group>"; };
		BFD895C11C88FD2F00A6CA05 /* RosterViewController.swift */ = {isa = PBXFileReference; fileEncoding = 4; lastKnownFileType = sourcecode.swift; path = RosterViewController.swift; sourceTree = "<group>"; };
		BFD895C81C8A242A00A6CA05 /* Phone.storyboard */ = {isa = PBXFileReference; fileEncoding = 4; lastKnownFileType = file.storyboard; path = Phone.storyboard; sourceTree = "<group>"; };
		BFD895D01C8A4A6F00A6CA05 /* menu.png */ = {isa = PBXFileReference; lastKnownFileType = image.png; path = menu.png; sourceTree = "<group>"; };
		BFD895D11C8A4A6F00A6CA05 /* menu@2x.png */ = {isa = PBXFileReference; lastKnownFileType = image.png; path = "menu@2x.png"; sourceTree = "<group>"; };
		BFD895D21C8A4A6F00A6CA05 /* menu@3x.png */ = {isa = PBXFileReference; lastKnownFileType = image.png; path = "menu@3x.png"; sourceTree = "<group>"; };
		BFD895D61C8A517600A6CA05 /* MessageViewController.swift */ = {isa = PBXFileReference; fileEncoding = 4; lastKnownFileType = sourcecode.swift; path = MessageViewController.swift; sourceTree = "<group>"; };
		BFD895D81C8A560E00A6CA05 /* chevron-left.png */ = {isa = PBXFileReference; lastKnownFileType = image.png; path = "chevron-left.png"; sourceTree = "<group>"; };
		BFD895D91C8A560E00A6CA05 /* chevron-left@2x.png */ = {isa = PBXFileReference; lastKnownFileType = image.png; path = "chevron-left@2x.png"; sourceTree = "<group>"; };
		BFD895DA1C8A560E00A6CA05 /* chevron-left@3x.png */ = {isa = PBXFileReference; lastKnownFileType = image.png; path = "chevron-left@3x.png"; sourceTree = "<group>"; };
		BFD895DE1C8A5B2B00A6CA05 /* PadViewController.swift */ = {isa = PBXFileReference; fileEncoding = 4; lastKnownFileType = sourcecode.swift; path = PadViewController.swift; sourceTree = "<group>"; };
		BFD8BB331C86C8ED008CC251 /* EloChat.swift */ = {isa = PBXFileReference; fileEncoding = 4; lastKnownFileType = sourcecode.swift; path = EloChat.swift; sourceTree = "<group>"; };
		BFD8BB371C8821C6008CC251 /* MessageViewController.swift */ = {isa = PBXFileReference; fileEncoding = 4; lastKnownFileType = sourcecode.swift; path = MessageViewController.swift; sourceTree = "<group>"; };
		BFD8BB421C88C628008CC251 /* EloConstants.swift */ = {isa = PBXFileReference; fileEncoding = 4; lastKnownFileType = sourcecode.swift; path = EloConstants.swift; sourceTree = "<group>"; };
		BFDC15981CAC3BE300E8A39C /* XMPPMessage+XEP_0313.h */ = {isa = PBXFileReference; fileEncoding = 4; lastKnownFileType = sourcecode.c.h; path = "XMPPMessage+XEP_0313.h"; sourceTree = "<group>"; };
		BFDC15991CAC3C0500E8A39C /* XMPPMessage+XEP_0313.m */ = {isa = PBXFileReference; fileEncoding = 4; lastKnownFileType = sourcecode.c.objc; path = "XMPPMessage+XEP_0313.m"; sourceTree = "<group>"; };
		BFDC159C1CAC630900E8A39C /* README.md */ = {isa = PBXFileReference; fileEncoding = 4; lastKnownFileType = net.daringfireball.markdown; path = README.md; sourceTree = "<group>"; };
		BFE55FFC1C746AE400DE25B2 /* PreferencesGeneralViewController.xib */ = {isa = PBXFileReference; fileEncoding = 4; lastKnownFileType = file.xib; name = PreferencesGeneralViewController.xib; path = Preferences/PreferencesGeneralViewController.xib; sourceTree = "<group>"; };
		BFE560011C7512D200DE25B2 /* PreferencesAccountViewController.xib */ = {isa = PBXFileReference; fileEncoding = 4; lastKnownFileType = file.xib; name = PreferencesAccountViewController.xib; path = Preferences/PreferencesAccountViewController.xib; sourceTree = "<group>"; };
		BFE5601C1C75BE8D00DE25B2 /* Eloquence-Bridging-Header.h */ = {isa = PBXFileReference; lastKnownFileType = sourcecode.c.h; path = "Eloquence-Bridging-Header.h"; sourceTree = "<group>"; };
		BFE5601D1C75BE8D00DE25B2 /* PreferencesAccountViewController.swift */ = {isa = PBXFileReference; fileEncoding = 4; lastKnownFileType = sourcecode.swift; name = PreferencesAccountViewController.swift; path = Preferences/PreferencesAccountViewController.swift; sourceTree = "<group>"; };
		BFE5631F1C75D19F00DE25B2 /* AppDelegate.swift */ = {isa = PBXFileReference; fileEncoding = 4; lastKnownFileType = sourcecode.swift; path = AppDelegate.swift; sourceTree = "<group>"; };
		BFE5632D1C76705500DE25B2 /* Main.storyboard */ = {isa = PBXFileReference; fileEncoding = 4; lastKnownFileType = file.storyboard; path = Main.storyboard; sourceTree = "<group>"; };
		BFEA5A041C88F26000EF5304 /* EloMessage.swift */ = {isa = PBXFileReference; fileEncoding = 4; lastKnownFileType = sourcecode.swift; path = EloMessage.swift; sourceTree = "<group>"; };
		BFEC352C1C839DA1005CB593 /* EloquenceIOS.app */ = {isa = PBXFileReference; explicitFileType = wrapper.application; includeInIndex = 0; path = EloquenceIOS.app; sourceTree = BUILT_PRODUCTS_DIR; };
		BFEC352E1C839DA2005CB593 /* AppDelegate.swift */ = {isa = PBXFileReference; lastKnownFileType = sourcecode.swift; path = AppDelegate.swift; sourceTree = "<group>"; };
		BFEC35301C839DA2005CB593 /* ViewController.swift */ = {isa = PBXFileReference; lastKnownFileType = sourcecode.swift; path = ViewController.swift; sourceTree = "<group>"; };
		BFEC35331C839DA2005CB593 /* Base */ = {isa = PBXFileReference; lastKnownFileType = file.storyboard; name = Base; path = Base.lproj/Pad.storyboard; sourceTree = "<group>"; };
		BFEC35351C839DA2005CB593 /* Assets.xcassets */ = {isa = PBXFileReference; lastKnownFileType = folder.assetcatalog; path = Assets.xcassets; sourceTree = "<group>"; };
		BFEC35381C839DA2005CB593 /* Base */ = {isa = PBXFileReference; lastKnownFileType = file.storyboard; name = Base; path = Base.lproj/LaunchScreen.storyboard; sourceTree = "<group>"; };
		BFEC353A1C839DA2005CB593 /* Info.plist */ = {isa = PBXFileReference; lastKnownFileType = text.plist.xml; path = Info.plist; sourceTree = "<group>"; };
		BFEC353F1C839DA2005CB593 /* EloquenceIOSTests.xctest */ = {isa = PBXFileReference; explicitFileType = wrapper.cfbundle; includeInIndex = 0; path = EloquenceIOSTests.xctest; sourceTree = BUILT_PRODUCTS_DIR; };
		BFEC35431C839DA2005CB593 /* EloquenceIOSTests.swift */ = {isa = PBXFileReference; lastKnownFileType = sourcecode.swift; path = EloquenceIOSTests.swift; sourceTree = "<group>"; };
		BFEC35451C839DA2005CB593 /* Info.plist */ = {isa = PBXFileReference; lastKnownFileType = text.plist.xml; path = Info.plist; sourceTree = "<group>"; };
		BFEC354A1C839DA2005CB593 /* EloquenceIOSUITests.xctest */ = {isa = PBXFileReference; explicitFileType = wrapper.cfbundle; includeInIndex = 0; path = EloquenceIOSUITests.xctest; sourceTree = BUILT_PRODUCTS_DIR; };
		BFEC354E1C839DA2005CB593 /* EloquenceIOSUITests.swift */ = {isa = PBXFileReference; lastKnownFileType = sourcecode.swift; path = EloquenceIOSUITests.swift; sourceTree = "<group>"; };
		BFEC35501C839DA2005CB593 /* Info.plist */ = {isa = PBXFileReference; lastKnownFileType = text.plist.xml; path = Info.plist; sourceTree = "<group>"; };
		BFEC35651C83A0EE005CB593 /* PreferencesGeneralViewController.swift */ = {isa = PBXFileReference; fileEncoding = 4; lastKnownFileType = sourcecode.swift; name = PreferencesGeneralViewController.swift; path = Preferences/PreferencesGeneralViewController.swift; sourceTree = "<group>"; };
		BFEC358E1C83A50D005CB593 /* DataController.swift */ = {isa = PBXFileReference; fileEncoding = 4; lastKnownFileType = sourcecode.swift; path = DataController.swift; sourceTree = "<group>"; };
		BFEC35901C83A50D005CB593 /* DataModel.xcdatamodel */ = {isa = PBXFileReference; lastKnownFileType = wrapper.xcdatamodel; path = DataModel.xcdatamodel; sourceTree = "<group>"; };
		BFEC35911C83A50D005CB593 /* EloAccount.swift */ = {isa = PBXFileReference; fileEncoding = 4; lastKnownFileType = sourcecode.swift; path = EloAccount.swift; sourceTree = "<group>"; };
		BFEC35921C83A50D005CB593 /* EloConnection.swift */ = {isa = PBXFileReference; fileEncoding = 4; lastKnownFileType = sourcecode.swift; path = EloConnection.swift; sourceTree = "<group>"; };
		BFEC35931C83A50D005CB593 /* EloConnections.swift */ = {isa = PBXFileReference; fileEncoding = 4; lastKnownFileType = sourcecode.swift; path = EloConnections.swift; sourceTree = "<group>"; };
		BFED7DBB1CA888E0000A226B /* XMPPMessageArchiveManagement.h */ = {isa = PBXFileReference; fileEncoding = 4; lastKnownFileType = sourcecode.c.h; path = XMPPMessageArchiveManagement.h; sourceTree = "<group>"; };
		BFED7DBC1CA888E0000A226B /* XMPPMessageArchiveManagement.m */ = {isa = PBXFileReference; fileEncoding = 4; lastKnownFileType = sourcecode.c.objc; path = XMPPMessageArchiveManagement.m; sourceTree = "<group>"; };
		BFED7DBE1CA9B546000A226B /* XMPPMessageArchiveManagement_Contact_CoreDataObject.h */ = {isa = PBXFileReference; fileEncoding = 4; lastKnownFileType = sourcecode.c.h; path = XMPPMessageArchiveManagement_Contact_CoreDataObject.h; sourceTree = "<group>"; };
		BFED7DBF1CA9B546000A226B /* XMPPMessageArchiveManagement_Contact_CoreDataObject.m */ = {isa = PBXFileReference; fileEncoding = 4; lastKnownFileType = sourcecode.c.objc; path = XMPPMessageArchiveManagement_Contact_CoreDataObject.m; sourceTree = "<group>"; };
		BFED7DC01CA9B546000A226B /* XMPPMessageArchiveManagement_Message_CoreDataObject.h */ = {isa = PBXFileReference; fileEncoding = 4; lastKnownFileType = sourcecode.c.h; path = XMPPMessageArchiveManagement_Message_CoreDataObject.h; sourceTree = "<group>"; };
		BFED7DC11CA9B546000A226B /* XMPPMessageArchiveManagement_Message_CoreDataObject.m */ = {isa = PBXFileReference; fileEncoding = 4; lastKnownFileType = sourcecode.c.objc; path = XMPPMessageArchiveManagement_Message_CoreDataObject.m; sourceTree = "<group>"; };
		BFED7DC21CA9B546000A226B /* XMPPMessageArchiveManagementCoreDataStorage.h */ = {isa = PBXFileReference; fileEncoding = 4; lastKnownFileType = sourcecode.c.h; path = XMPPMessageArchiveManagementCoreDataStorage.h; sourceTree = "<group>"; };
		BFED7DC31CA9B546000A226B /* XMPPMessageArchiveManagementCoreDataStorage.m */ = {isa = PBXFileReference; fileEncoding = 4; lastKnownFileType = sourcecode.c.objc; path = XMPPMessageArchiveManagementCoreDataStorage.m; sourceTree = "<group>"; };
		EBB504F406F01342352BB8D2 /* Pods-Eloquence.release.xcconfig */ = {isa = PBXFileReference; includeInIndex = 1; lastKnownFileType = text.xcconfig; name = "Pods-Eloquence.release.xcconfig"; path = "../Pods/Target Support Files/Pods-Eloquence/Pods-Eloquence.release.xcconfig"; sourceTree = "<group>"; };
/* End PBXFileReference section */

/* Begin PBXFrameworksBuildPhase section */
		BFB6307C1C73CE980008179D /* Frameworks */ = {
			isa = PBXFrameworksBuildPhase;
			buildActionMask = 2147483647;
			files = (
				BF84B0F11C8668410076EAB1 /* Pods_Eloquence.framework in Frameworks */,
				BF32777D1C76A4A900C6CA48 /* libidn.a in Frameworks */,
				BFB630BE1C73CF920008179D /* libresolv.tbd in Frameworks */,
				BFB630B31C73CF150008179D /* Security.framework in Frameworks */,
			);
			runOnlyForDeploymentPostprocessing = 0;
		};
		BFB630921C73CE990008179D /* Frameworks */ = {
			isa = PBXFrameworksBuildPhase;
			buildActionMask = 2147483647;
			files = (
			);
			runOnlyForDeploymentPostprocessing = 0;
		};
		BFB6309D1C73CE990008179D /* Frameworks */ = {
			isa = PBXFrameworksBuildPhase;
			buildActionMask = 2147483647;
			files = (
			);
			runOnlyForDeploymentPostprocessing = 0;
		};
		BFEC35291C839DA1005CB593 /* Frameworks */ = {
			isa = PBXFrameworksBuildPhase;
			buildActionMask = 2147483647;
			files = (
				BF3B15031C8B008800C0D27F /* Security.framework in Frameworks */,
				A0399891AA5319251740C173 /* Pods_EloquenceIOS.framework in Frameworks */,
			);
			runOnlyForDeploymentPostprocessing = 0;
		};
		BFEC353C1C839DA2005CB593 /* Frameworks */ = {
			isa = PBXFrameworksBuildPhase;
			buildActionMask = 2147483647;
			files = (
			);
			runOnlyForDeploymentPostprocessing = 0;
		};
		BFEC35471C839DA2005CB593 /* Frameworks */ = {
			isa = PBXFrameworksBuildPhase;
			buildActionMask = 2147483647;
			files = (
			);
			runOnlyForDeploymentPostprocessing = 0;
		};
/* End PBXFrameworksBuildPhase section */

/* Begin PBXGroup section */
		B343706DF785E15A2476E17F /* Pods */ = {
			isa = PBXGroup;
			children = (
				0A5FDE8C9090575DBB3F781A /* Pods-Eloquence.debug.xcconfig */,
				EBB504F406F01342352BB8D2 /* Pods-Eloquence.release.xcconfig */,
				9999746138C218BBFB88AA19 /* Pods-EloquenceIOS.debug.xcconfig */,
				A51378B492D5C2B0B9E8AC28 /* Pods-EloquenceIOS.release.xcconfig */,
			);
			name = Pods;
			sourceTree = "<group>";
		};
		BF4F41DE1C94CBFE00EE5390 /* Data */ = {
			isa = PBXGroup;
			children = (
				BFEC358E1C83A50D005CB593 /* DataController.swift */,
				BFEC358F1C83A50D005CB593 /* DataModel.xcdatamodeld */,
				BFEC35911C83A50D005CB593 /* EloAccount.swift */,
			);
			name = Data;
			sourceTree = "<group>";
		};
		BF4F41DF1C94CC0B00EE5390 /* Utils */ = {
			isa = PBXGroup;
			children = (
				BF9D76BA1C97685600CC7727 /* EloUtils.swift */,
				BF15656A1C84B04A008D6809 /* MulticastDelegateContainer.swift */,
				BFD8BB421C88C628008CC251 /* EloConstants.swift */,
				BF4F41DA1C94C1D300EE5390 /* EloPseudoStructs.swift */,
				BF9D76BD1C98C82400CC7727 /* EloFetchedResultsController.swift */,
			);
			name = Utils;
			sourceTree = "<group>";
		};
		BF4F41E01C94CC2D00EE5390 /* XMPP */ = {
			isa = PBXGroup;
			children = (
				BFED7DAE1CA7E2A3000A226B /* XEP-0313 */,
				BF7CB56F1C91714E001D4287 /* EloXMPPRosterCoreDataStorage.h */,
				BF7CB5701C91714E001D4287 /* EloXMPPRosterCoreDataStorage.m */,
				BF7CB5761C91E01E001D4287 /* EloXMPPRoster.xcdatamodeld */,
			);
			name = XMPP;
			sourceTree = "<group>";
		};
		BF981C571C803F6C00FF7AC5 /* Dialogs */ = {
			isa = PBXGroup;
			children = (
				BF981C581C803F8600FF7AC5 /* ErrorDialog.swift */,
			);
			name = Dialogs;
			sourceTree = "<group>";
		};
		BFB630761C73CE980008179D = {
			isa = PBXGroup;
			children = (
				BFD895CE1C8A4A6F00A6CA05 /* Resources */,
				BFEC358D1C83A50D005CB593 /* Core */,
				BFB630811C73CE980008179D /* Eloquence */,
				BFB630981C73CE990008179D /* EloquenceTests */,
				BFB630A31C73CE990008179D /* EloquenceUITests */,
				BFEC352D1C839DA2005CB593 /* EloquenceIOS */,
				BFEC35421C839DA2005CB593 /* EloquenceIOSTests */,
				BFEC354D1C839DA2005CB593 /* EloquenceIOSUITests */,
				BFB630801C73CE980008179D /* Products */,
				C73775CD06BED879CE7F89EB /* Frameworks */,
				B343706DF785E15A2476E17F /* Pods */,
			);
			sourceTree = "<group>";
		};
		BFB630801C73CE980008179D /* Products */ = {
			isa = PBXGroup;
			children = (
				BFB6307F1C73CE980008179D /* Eloquence.app */,
				BFB630951C73CE990008179D /* EloquenceTests.xctest */,
				BFB630A01C73CE990008179D /* EloquenceUITests.xctest */,
				BFEC352C1C839DA1005CB593 /* EloquenceIOS.app */,
				BFEC353F1C839DA2005CB593 /* EloquenceIOSTests.xctest */,
				BFEC354A1C839DA2005CB593 /* EloquenceIOSUITests.xctest */,
			);
			name = Products;
			sourceTree = "<group>";
		};
		BFB630811C73CE980008179D /* Eloquence */ = {
			isa = PBXGroup;
			children = (
				BFC7C3D01C9B15ED0070666D /* Cells */,
				BF981C571C803F6C00FF7AC5 /* Dialogs */,
				BFE55FF91C7466DC00DE25B2 /* Preferences */,
				BFE5631F1C75D19F00DE25B2 /* AppDelegate.swift */,
				BFE5601C1C75BE8D00DE25B2 /* Eloquence-Bridging-Header.h */,
				BFE5632D1C76705500DE25B2 /* Main.storyboard */,
				BFB6308B1C73CE980008179D /* Assets.xcassets */,
				BFB630901C73CE980008179D /* Info.plist */,
				BF7F8CE51C779E7100E5BA61 /* MainWindowController.swift */,
				BF1565721C84F40C008D6809 /* RosterViewController.swift */,
				BF0C5E0E1C8654B0000E2C21 /* MainSplitViewController.swift */,
				BFD8BB371C8821C6008CC251 /* MessageViewController.swift */,
				BF4874971CA3DEAC00029110 /* MessageViewController.xib */,
			);
			path = Eloquence;
			sourceTree = "<group>";
		};
		BFB630981C73CE990008179D /* EloquenceTests */ = {
			isa = PBXGroup;
			children = (
				BFB630991C73CE990008179D /* EloquenceTests.m */,
				BFB6309B1C73CE990008179D /* Info.plist */,
			);
			path = EloquenceTests;
			sourceTree = "<group>";
		};
		BFB630A31C73CE990008179D /* EloquenceUITests */ = {
			isa = PBXGroup;
			children = (
				BFB630A41C73CE990008179D /* EloquenceUITests.m */,
				BFB630A61C73CE990008179D /* Info.plist */,
			);
			path = EloquenceUITests;
			sourceTree = "<group>";
		};
		BFC7C3D01C9B15ED0070666D /* Cells */ = {
			isa = PBXGroup;
			children = (
				BFAEE0591CA1FD8100F58BE2 /* EXRosterContactCell.xib */,
				BFAEE05B1CA1FD9700F58BE2 /* EXRosterContactCell.swift */,
				BF4874991CA4521900029110 /* EXTextMessageCell.xib */,
				BF48749B1CA4522800029110 /* EXTextMessageCell.swift */,
			);
			name = Cells;
			sourceTree = "<group>";
		};
		BFD895BC1C88FB0200A6CA05 /* Storyboards */ = {
			isa = PBXGroup;
			children = (
				BFEC35321C839DA2005CB593 /* Pad.storyboard */,
				BFEC35371C839DA2005CB593 /* LaunchScreen.storyboard */,
				BFD895BF1C88FBC100A6CA05 /* Shared.storyboard */,
				BFD895C81C8A242A00A6CA05 /* Phone.storyboard */,
			);
			name = Storyboards;
			sourceTree = "<group>";
		};
		BFD895CE1C8A4A6F00A6CA05 /* Resources */ = {
			isa = PBXGroup;
			children = (
				BFD895CF1C8A4A6F00A6CA05 /* iOS */,
			);
			path = Resources;
			sourceTree = "<group>";
		};
		BFD895CF1C8A4A6F00A6CA05 /* iOS */ = {
			isa = PBXGroup;
			children = (
				BFD895D81C8A560E00A6CA05 /* chevron-left.png */,
				BFD895D91C8A560E00A6CA05 /* chevron-left@2x.png */,
				BFD895DA1C8A560E00A6CA05 /* chevron-left@3x.png */,
				BFD895D01C8A4A6F00A6CA05 /* menu.png */,
				BFD895D11C8A4A6F00A6CA05 /* menu@2x.png */,
				BFD895D21C8A4A6F00A6CA05 /* menu@3x.png */,
			);
			path = iOS;
			sourceTree = "<group>";
		};
		BFE55FF91C7466DC00DE25B2 /* Preferences */ = {
			isa = PBXGroup;
			children = (
				BFEC35651C83A0EE005CB593 /* PreferencesGeneralViewController.swift */,
				BFE55FFC1C746AE400DE25B2 /* PreferencesGeneralViewController.xib */,
				BFE5601D1C75BE8D00DE25B2 /* PreferencesAccountViewController.swift */,
				BFE560011C7512D200DE25B2 /* PreferencesAccountViewController.xib */,
				BF3277731C767F8F00C6CA48 /* PreferencesAccountDialogWindowController.swift */,
				BF3277741C767F8F00C6CA48 /* PreferencesAccountDialogWindowController.xib */,
				BFD0E6331C770D5D0085A57E /* AccountTableCellView.swift */,
			);
			name = Preferences;
			sourceTree = "<group>";
		};
		BFEC352D1C839DA2005CB593 /* EloquenceIOS */ = {
			isa = PBXGroup;
			children = (
				BF03C6511C8E3BE100C4EF25 /* EMNotification.swift */,
				BFD895BC1C88FB0200A6CA05 /* Storyboards */,
				BFEC352E1C839DA2005CB593 /* AppDelegate.swift */,
				BFEC35301C839DA2005CB593 /* ViewController.swift */,
				BFEC35351C839DA2005CB593 /* Assets.xcassets */,
				BFEC353A1C839DA2005CB593 /* Info.plist */,
				BFD895C11C88FD2F00A6CA05 /* RosterViewController.swift */,
				BFD895D61C8A517600A6CA05 /* MessageViewController.swift */,
				BFD895DE1C8A5B2B00A6CA05 /* PadViewController.swift */,
				BFA60D061C8AFFC600E9AFBB /* EloquenceIOS-Bridging-Header.h */,
				BF30A51C1C8B555D00ADA6E0 /* PhoneMainViewController.swift */,
				BF30A51E1C8B584E00ADA6E0 /* GlobalMenuViewController.swift */,
				BF30A5201C8B598C00ADA6E0 /* PreferencesAccountViewController.swift */,
				BF03C64F1C8DEA8100C4EF25 /* GlobalMenuCell.swift */,
				BF03C6551C8E40FD00C4EF25 /* EMPreferencesViewController.swift */,
				BF3563091C8F1E0700262548 /* EMPreferencesSwitchCell.swift */,
				BF35630B1C8F567C00262548 /* EMAccountsViewController.swift */,
				BF35630D1C8F577100262548 /* EMAccountCell.swift */,
				BF35630F1C8F722A00262548 /* EMAddAccountViewController.swift */,
				BF7CB57A1C91FE5F001D4287 /* RosterCell.swift */,
			);
			path = EloquenceIOS;
			sourceTree = "<group>";
		};
		BFEC35421C839DA2005CB593 /* EloquenceIOSTests */ = {
			isa = PBXGroup;
			children = (
				BFEC35431C839DA2005CB593 /* EloquenceIOSTests.swift */,
				BFEC35451C839DA2005CB593 /* Info.plist */,
			);
			path = EloquenceIOSTests;
			sourceTree = "<group>";
		};
		BFEC354D1C839DA2005CB593 /* EloquenceIOSUITests */ = {
			isa = PBXGroup;
			children = (
				BFEC354E1C839DA2005CB593 /* EloquenceIOSUITests.swift */,
				BFEC35501C839DA2005CB593 /* Info.plist */,
			);
			path = EloquenceIOSUITests;
			sourceTree = "<group>";
		};
		BFEC358D1C83A50D005CB593 /* Core */ = {
			isa = PBXGroup;
			children = (
				BF4F41E01C94CC2D00EE5390 /* XMPP */,
				BF4F41DF1C94CC0B00EE5390 /* Utils */,
				BF4F41DE1C94CBFE00EE5390 /* Data */,
				BF4F41CE1C94541F00EE5390 /* EloCapabilities.swift */,
				BF7CB5731C91DD86001D4287 /* EloRoster.swift */,
				BFEC35921C83A50D005CB593 /* EloConnection.swift */,
				BFEC35931C83A50D005CB593 /* EloConnections.swift */,
				BFD8BB331C86C8ED008CC251 /* EloChat.swift */,
				BF4F41D41C94B3A600EE5390 /* EloChats.swift */,
				BFEA5A041C88F26000EF5304 /* EloMessage.swift */,
				BF9D76B41C97240000CC7727 /* EloAccountJid.swift */,
				BF9D76B71C97242600CC7727 /* EloContactJid.swift */,
			);
			path = Core;
			sourceTree = "<group>";
		};
		BFED7DAE1CA7E2A3000A226B /* XEP-0313 */ = {
			isa = PBXGroup;
			children = (
				BFED7DBE1CA9B546000A226B /* XMPPMessageArchiveManagement_Contact_CoreDataObject.h */,
				BFED7DBF1CA9B546000A226B /* XMPPMessageArchiveManagement_Contact_CoreDataObject.m */,
				BFED7DC01CA9B546000A226B /* XMPPMessageArchiveManagement_Message_CoreDataObject.h */,
				BFED7DC11CA9B546000A226B /* XMPPMessageArchiveManagement_Message_CoreDataObject.m */,
				BFED7DC21CA9B546000A226B /* XMPPMessageArchiveManagementCoreDataStorage.h */,
				BFED7DC31CA9B546000A226B /* XMPPMessageArchiveManagementCoreDataStorage.m */,
				BFED7DBB1CA888E0000A226B /* XMPPMessageArchiveManagement.h */,
				BFED7DBC1CA888E0000A226B /* XMPPMessageArchiveManagement.m */,
				BFABEACE1CA9BE700035F0AF /* XMPPMessageArchiveManagement.xcdatamodeld */,
				BFDC15981CAC3BE300E8A39C /* XMPPMessage+XEP_0313.h */,
				BFDC15991CAC3C0500E8A39C /* XMPPMessage+XEP_0313.m */,
				BFDC159C1CAC630900E8A39C /* README.md */,
			);
			name = "XEP-0313";
			path = "XMPP/XEP-0313";
			sourceTree = "<group>";
		};
		C73775CD06BED879CE7F89EB /* Frameworks */ = {
			isa = PBXGroup;
			children = (
				BF3B15021C8B008800C0D27F /* Security.framework */,
				BF3B15001C8B007100C0D27F /* WYPopoverController.framework */,
				BFA61BCA1C7BACF400B48A21 /* CocoaAsyncSocket.framework */,
				BF3277791C76A4A900C6CA48 /* idn-int.h */,
				BF32777A1C76A4A900C6CA48 /* libidn.a */,
				BF32777B1C76A4A900C6CA48 /* stringprep.h */,
				BFB630BD1C73CF920008179D /* libresolv.tbd */,
				BFB630B21C73CF150008179D /* Security.framework */,
				9B0B89D9ADCF56E390AC96A8 /* Pods.framework */,
				BEE984B5D505A24AD989997A /* Pods_Eloquence.framework */,
				01263B3FFC5812B31B8C0D8B /* Pods_EloquenceIOS.framework */,
			);
			name = Frameworks;
			sourceTree = "<group>";
		};
/* End PBXGroup section */

/* Begin PBXNativeTarget section */
		BFB6307E1C73CE980008179D /* Eloquence */ = {
			isa = PBXNativeTarget;
			buildConfigurationList = BFB630A91C73CE990008179D /* Build configuration list for PBXNativeTarget "Eloquence" */;
			buildPhases = (
				52B8C756277C36DBEC03654C /* Check Pods Manifest.lock */,
				BFB6307B1C73CE980008179D /* Sources */,
				BFB6307C1C73CE980008179D /* Frameworks */,
				BFB6307D1C73CE980008179D /* Resources */,
				2C2FAE2E4EC009560B7628DA /* Embed Pods Frameworks */,
				BB7CCAFD2D349ED2505355E8 /* Copy Pods Resources */,
			);
			buildRules = (
			);
			dependencies = (
			);
			name = Eloquence;
			productName = Eloquence;
			productReference = BFB6307F1C73CE980008179D /* Eloquence.app */;
			productType = "com.apple.product-type.application";
		};
		BFB630941C73CE990008179D /* EloquenceTests */ = {
			isa = PBXNativeTarget;
			buildConfigurationList = BFB630AC1C73CE990008179D /* Build configuration list for PBXNativeTarget "EloquenceTests" */;
			buildPhases = (
				BFB630911C73CE990008179D /* Sources */,
				BFB630921C73CE990008179D /* Frameworks */,
				BFB630931C73CE990008179D /* Resources */,
			);
			buildRules = (
			);
			dependencies = (
				BFB630971C73CE990008179D /* PBXTargetDependency */,
			);
			name = EloquenceTests;
			productName = EloquenceTests;
			productReference = BFB630951C73CE990008179D /* EloquenceTests.xctest */;
			productType = "com.apple.product-type.bundle.unit-test";
		};
		BFB6309F1C73CE990008179D /* EloquenceUITests */ = {
			isa = PBXNativeTarget;
			buildConfigurationList = BFB630AF1C73CE990008179D /* Build configuration list for PBXNativeTarget "EloquenceUITests" */;
			buildPhases = (
				BFB6309C1C73CE990008179D /* Sources */,
				BFB6309D1C73CE990008179D /* Frameworks */,
				BFB6309E1C73CE990008179D /* Resources */,
			);
			buildRules = (
			);
			dependencies = (
				BFB630A21C73CE990008179D /* PBXTargetDependency */,
			);
			name = EloquenceUITests;
			productName = EloquenceUITests;
			productReference = BFB630A01C73CE990008179D /* EloquenceUITests.xctest */;
			productType = "com.apple.product-type.bundle.ui-testing";
		};
		BFEC352B1C839DA1005CB593 /* EloquenceIOS */ = {
			isa = PBXNativeTarget;
			buildConfigurationList = BFEC35571C839DA2005CB593 /* Build configuration list for PBXNativeTarget "EloquenceIOS" */;
			buildPhases = (
				94AFBBAF41FEBDC192B76663 /* Check Pods Manifest.lock */,
				BFEC35281C839DA1005CB593 /* Sources */,
				BFEC35291C839DA1005CB593 /* Frameworks */,
				BFEC352A1C839DA1005CB593 /* Resources */,
				C3D044B9875E8A1D0951E4EC /* Embed Pods Frameworks */,
				0E9DD5A27933C75A3546AF58 /* Copy Pods Resources */,
			);
			buildRules = (
			);
			dependencies = (
			);
			name = EloquenceIOS;
			productName = EloquenceIOS;
			productReference = BFEC352C1C839DA1005CB593 /* EloquenceIOS.app */;
			productType = "com.apple.product-type.application";
		};
		BFEC353E1C839DA2005CB593 /* EloquenceIOSTests */ = {
			isa = PBXNativeTarget;
			buildConfigurationList = BFEC35581C839DA2005CB593 /* Build configuration list for PBXNativeTarget "EloquenceIOSTests" */;
			buildPhases = (
				BFEC353B1C839DA2005CB593 /* Sources */,
				BFEC353C1C839DA2005CB593 /* Frameworks */,
				BFEC353D1C839DA2005CB593 /* Resources */,
			);
			buildRules = (
			);
			dependencies = (
				BFEC35411C839DA2005CB593 /* PBXTargetDependency */,
			);
			name = EloquenceIOSTests;
			productName = EloquenceIOSTests;
			productReference = BFEC353F1C839DA2005CB593 /* EloquenceIOSTests.xctest */;
			productType = "com.apple.product-type.bundle.unit-test";
		};
		BFEC35491C839DA2005CB593 /* EloquenceIOSUITests */ = {
			isa = PBXNativeTarget;
			buildConfigurationList = BFEC35591C839DA2005CB593 /* Build configuration list for PBXNativeTarget "EloquenceIOSUITests" */;
			buildPhases = (
				BFEC35461C839DA2005CB593 /* Sources */,
				BFEC35471C839DA2005CB593 /* Frameworks */,
				BFEC35481C839DA2005CB593 /* Resources */,
			);
			buildRules = (
			);
			dependencies = (
				BFEC354C1C839DA2005CB593 /* PBXTargetDependency */,
			);
			name = EloquenceIOSUITests;
			productName = EloquenceIOSUITests;
			productReference = BFEC354A1C839DA2005CB593 /* EloquenceIOSUITests.xctest */;
			productType = "com.apple.product-type.bundle.ui-testing";
		};
/* End PBXNativeTarget section */

/* Begin PBXProject section */
		BFB630771C73CE980008179D /* Project object */ = {
			isa = PBXProject;
			attributes = {
				LastSwiftUpdateCheck = 0720;
				LastUpgradeCheck = 0720;
				ORGANIZATIONNAME = TRIGONmedia;
				TargetAttributes = {
					BFB6307E1C73CE980008179D = {
						CreatedOnToolsVersion = 7.2;
					};
					BFB630941C73CE990008179D = {
						CreatedOnToolsVersion = 7.2;
						TestTargetID = BFB6307E1C73CE980008179D;
					};
					BFB6309F1C73CE990008179D = {
						CreatedOnToolsVersion = 7.2;
						TestTargetID = BFB6307E1C73CE980008179D;
					};
					BFEC352B1C839DA1005CB593 = {
						CreatedOnToolsVersion = 7.2;
					};
					BFEC353E1C839DA2005CB593 = {
						CreatedOnToolsVersion = 7.2;
						TestTargetID = BFEC352B1C839DA1005CB593;
					};
					BFEC35491C839DA2005CB593 = {
						CreatedOnToolsVersion = 7.2;
						TestTargetID = BFEC352B1C839DA1005CB593;
					};
				};
			};
			buildConfigurationList = BFB6307A1C73CE980008179D /* Build configuration list for PBXProject "Eloquence" */;
			compatibilityVersion = "Xcode 3.2";
			developmentRegion = English;
			hasScannedForEncodings = 0;
			knownRegions = (
				en,
				Base,
			);
			mainGroup = BFB630761C73CE980008179D;
			productRefGroup = BFB630801C73CE980008179D /* Products */;
			projectDirPath = "";
			projectRoot = "";
			targets = (
				BFB6307E1C73CE980008179D /* Eloquence */,
				BFB630941C73CE990008179D /* EloquenceTests */,
				BFB6309F1C73CE990008179D /* EloquenceUITests */,
				BFEC352B1C839DA1005CB593 /* EloquenceIOS */,
				BFEC353E1C839DA2005CB593 /* EloquenceIOSTests */,
				BFEC35491C839DA2005CB593 /* EloquenceIOSUITests */,
			);
		};
/* End PBXProject section */

/* Begin PBXResourcesBuildPhase section */
		BFB6307D1C73CE980008179D /* Resources */ = {
			isa = PBXResourcesBuildPhase;
			buildActionMask = 2147483647;
			files = (
				BFAEE05A1CA1FD8100F58BE2 /* EXRosterContactCell.xib in Resources */,
				BF3277761C767F8F00C6CA48 /* PreferencesAccountDialogWindowController.xib in Resources */,
				BFB6308C1C73CE980008179D /* Assets.xcassets in Resources */,
				BF4874981CA3DEAC00029110 /* MessageViewController.xib in Resources */,
				BFE5632E1C76705500DE25B2 /* Main.storyboard in Resources */,
				BF48749A1CA4521900029110 /* EXTextMessageCell.xib in Resources */,
				BFE55FFE1C746AE400DE25B2 /* PreferencesGeneralViewController.xib in Resources */,
				BFE560031C7512D200DE25B2 /* PreferencesAccountViewController.xib in Resources */,
			);
			runOnlyForDeploymentPostprocessing = 0;
		};
		BFB630931C73CE990008179D /* Resources */ = {
			isa = PBXResourcesBuildPhase;
			buildActionMask = 2147483647;
			files = (
			);
			runOnlyForDeploymentPostprocessing = 0;
		};
		BFB6309E1C73CE990008179D /* Resources */ = {
			isa = PBXResourcesBuildPhase;
			buildActionMask = 2147483647;
			files = (
			);
			runOnlyForDeploymentPostprocessing = 0;
		};
		BFEC352A1C839DA1005CB593 /* Resources */ = {
			isa = PBXResourcesBuildPhase;
			buildActionMask = 2147483647;
			files = (
				BFD895D51C8A4A6F00A6CA05 /* menu@3x.png in Resources */,
				BFD895D31C8A4A6F00A6CA05 /* menu.png in Resources */,
				BFD895C91C8A242A00A6CA05 /* Phone.storyboard in Resources */,
				BFEC35391C839DA2005CB593 /* LaunchScreen.storyboard in Resources */,
				BFD895D41C8A4A6F00A6CA05 /* menu@2x.png in Resources */,
				BFD895DC1C8A560E00A6CA05 /* chevron-left@2x.png in Resources */,
				BFD895C01C88FBC100A6CA05 /* Shared.storyboard in Resources */,
				BFD895DD1C8A560E00A6CA05 /* chevron-left@3x.png in Resources */,
				BFEC35361C839DA2005CB593 /* Assets.xcassets in Resources */,
				BFEC35341C839DA2005CB593 /* Pad.storyboard in Resources */,
				BFD895DB1C8A560E00A6CA05 /* chevron-left.png in Resources */,
			);
			runOnlyForDeploymentPostprocessing = 0;
		};
		BFEC353D1C839DA2005CB593 /* Resources */ = {
			isa = PBXResourcesBuildPhase;
			buildActionMask = 2147483647;
			files = (
			);
			runOnlyForDeploymentPostprocessing = 0;
		};
		BFEC35481C839DA2005CB593 /* Resources */ = {
			isa = PBXResourcesBuildPhase;
			buildActionMask = 2147483647;
			files = (
			);
			runOnlyForDeploymentPostprocessing = 0;
		};
/* End PBXResourcesBuildPhase section */

/* Begin PBXShellScriptBuildPhase section */
		0E9DD5A27933C75A3546AF58 /* Copy Pods Resources */ = {
			isa = PBXShellScriptBuildPhase;
			buildActionMask = 2147483647;
			files = (
			);
			inputPaths = (
			);
			name = "Copy Pods Resources";
			outputPaths = (
			);
			runOnlyForDeploymentPostprocessing = 0;
			shellPath = /bin/sh;
			shellScript = "\"${SRCROOT}/../Pods/Target Support Files/Pods-EloquenceIOS/Pods-EloquenceIOS-resources.sh\"\n";
			showEnvVarsInLog = 0;
		};
		2C2FAE2E4EC009560B7628DA /* Embed Pods Frameworks */ = {
			isa = PBXShellScriptBuildPhase;
			buildActionMask = 2147483647;
			files = (
			);
			inputPaths = (
			);
			name = "Embed Pods Frameworks";
			outputPaths = (
			);
			runOnlyForDeploymentPostprocessing = 0;
			shellPath = /bin/sh;
			shellScript = "\"${SRCROOT}/../Pods/Target Support Files/Pods-Eloquence/Pods-Eloquence-frameworks.sh\"\n";
			showEnvVarsInLog = 0;
		};
		52B8C756277C36DBEC03654C /* Check Pods Manifest.lock */ = {
			isa = PBXShellScriptBuildPhase;
			buildActionMask = 2147483647;
			files = (
			);
			inputPaths = (
			);
			name = "Check Pods Manifest.lock";
			outputPaths = (
			);
			runOnlyForDeploymentPostprocessing = 0;
			shellPath = /bin/sh;
			shellScript = "diff \"${PODS_ROOT}/../Podfile.lock\" \"${PODS_ROOT}/Manifest.lock\" > /dev/null\nif [[ $? != 0 ]] ; then\n    cat << EOM\nerror: The sandbox is not in sync with the Podfile.lock. Run 'pod install' or update your CocoaPods installation.\nEOM\n    exit 1\nfi\n";
			showEnvVarsInLog = 0;
		};
		94AFBBAF41FEBDC192B76663 /* Check Pods Manifest.lock */ = {
			isa = PBXShellScriptBuildPhase;
			buildActionMask = 2147483647;
			files = (
			);
			inputPaths = (
			);
			name = "Check Pods Manifest.lock";
			outputPaths = (
			);
			runOnlyForDeploymentPostprocessing = 0;
			shellPath = /bin/sh;
			shellScript = "diff \"${PODS_ROOT}/../Podfile.lock\" \"${PODS_ROOT}/Manifest.lock\" > /dev/null\nif [[ $? != 0 ]] ; then\n    cat << EOM\nerror: The sandbox is not in sync with the Podfile.lock. Run 'pod install' or update your CocoaPods installation.\nEOM\n    exit 1\nfi\n";
			showEnvVarsInLog = 0;
		};
		BB7CCAFD2D349ED2505355E8 /* Copy Pods Resources */ = {
			isa = PBXShellScriptBuildPhase;
			buildActionMask = 2147483647;
			files = (
			);
			inputPaths = (
			);
			name = "Copy Pods Resources";
			outputPaths = (
			);
			runOnlyForDeploymentPostprocessing = 0;
			shellPath = /bin/sh;
			shellScript = "\"${SRCROOT}/../Pods/Target Support Files/Pods-Eloquence/Pods-Eloquence-resources.sh\"\n";
			showEnvVarsInLog = 0;
		};
		C3D044B9875E8A1D0951E4EC /* Embed Pods Frameworks */ = {
			isa = PBXShellScriptBuildPhase;
			buildActionMask = 2147483647;
			files = (
			);
			inputPaths = (
			);
			name = "Embed Pods Frameworks";
			outputPaths = (
			);
			runOnlyForDeploymentPostprocessing = 0;
			shellPath = /bin/sh;
			shellScript = "\"${SRCROOT}/../Pods/Target Support Files/Pods-EloquenceIOS/Pods-EloquenceIOS-frameworks.sh\"\n";
			showEnvVarsInLog = 0;
		};
/* End PBXShellScriptBuildPhase section */

/* Begin PBXSourcesBuildPhase section */
		BFB6307B1C73CE980008179D /* Sources */ = {
			isa = PBXSourcesBuildPhase;
			buildActionMask = 2147483647;
			files = (
				BFDC159A1CAC3C0500E8A39C /* XMPPMessage+XEP_0313.m in Sources */,
				BF7CB5781C91E01E001D4287 /* EloXMPPRoster.xcdatamodeld in Sources */,
				BFED7DBD1CA888E0000A226B /* XMPPMessageArchiveManagement.m in Sources */,
				BFABEAD01CA9BE700035F0AF /* XMPPMessageArchiveManagement.xcdatamodeld in Sources */,
				BF1E87BF1C88EB6800B94E55 /* MessageViewController.swift in Sources */,
				BF7CB5741C91DD86001D4287 /* EloRoster.swift in Sources */,
				BF0C5E0F1C8654B0000E2C21 /* MainSplitViewController.swift in Sources */,
				BF1565731C84F40C008D6809 /* RosterViewController.swift in Sources */,
				BF7CB5711C91714E001D4287 /* EloXMPPRosterCoreDataStorage.m in Sources */,
				BF9D76B51C97240000CC7727 /* EloAccountJid.swift in Sources */,
				BFED7DC51CA9B546000A226B /* XMPPMessageArchiveManagement_Message_CoreDataObject.m in Sources */,
				BFEC35971C83A50D005CB593 /* EloConnection.swift in Sources */,
				BF48749C1CA4522800029110 /* EXTextMessageCell.swift in Sources */,
				BFEC35981C83A50D005CB593 /* EloConnections.swift in Sources */,
				BFEA5A051C88F26000EF5304 /* EloMessage.swift in Sources */,
				BFAEE05C1CA1FD9700F58BE2 /* EXRosterContactCell.swift in Sources */,
				BFD8BB341C86C8ED008CC251 /* EloChat.swift in Sources */,
				BF9D76BE1C98C82400CC7727 /* EloFetchedResultsController.swift in Sources */,
				BF3277751C767F8F00C6CA48 /* PreferencesAccountDialogWindowController.swift in Sources */,
				BF981C591C803F8600FF7AC5 /* ErrorDialog.swift in Sources */,
				BFD0E6341C770D5E0085A57E /* AccountTableCellView.swift in Sources */,
				BFEC35941C83A50D005CB593 /* DataController.swift in Sources */,
				BF4F41DB1C94C1D300EE5390 /* EloPseudoStructs.swift in Sources */,
				BFEC35661C83A0EE005CB593 /* PreferencesGeneralViewController.swift in Sources */,
				BFD8BB431C88C628008CC251 /* EloConstants.swift in Sources */,
				BFEC35961C83A50D005CB593 /* EloAccount.swift in Sources */,
				BFE563201C75D19F00DE25B2 /* AppDelegate.swift in Sources */,
				BFED7DC61CA9B546000A226B /* XMPPMessageArchiveManagementCoreDataStorage.m in Sources */,
				BFE5601E1C75BE8D00DE25B2 /* PreferencesAccountViewController.swift in Sources */,
				BFED7DC41CA9B546000A226B /* XMPPMessageArchiveManagement_Contact_CoreDataObject.m in Sources */,
				BF15656B1C84B04A008D6809 /* MulticastDelegateContainer.swift in Sources */,
				BF9D76BB1C97685600CC7727 /* EloUtils.swift in Sources */,
				BFDC159D1CAC630900E8A39C /* README.md in Sources */,
				BF4F41D51C94B3A600EE5390 /* EloChats.swift in Sources */,
				BFEC35951C83A50D005CB593 /* DataModel.xcdatamodeld in Sources */,
				BF4F41CF1C94541F00EE5390 /* EloCapabilities.swift in Sources */,
				BF7F8CE61C779E7100E5BA61 /* MainWindowController.swift in Sources */,
				BF9D76B81C97242600CC7727 /* EloContactJid.swift in Sources */,
			);
			runOnlyForDeploymentPostprocessing = 0;
		};
		BFB630911C73CE990008179D /* Sources */ = {
			isa = PBXSourcesBuildPhase;
			buildActionMask = 2147483647;
			files = (
				BFB6309A1C73CE990008179D /* EloquenceTests.m in Sources */,
			);
			runOnlyForDeploymentPostprocessing = 0;
		};
		BFB6309C1C73CE990008179D /* Sources */ = {
			isa = PBXSourcesBuildPhase;
			buildActionMask = 2147483647;
			files = (
				BFB630A51C73CE990008179D /* EloquenceUITests.m in Sources */,
			);
			runOnlyForDeploymentPostprocessing = 0;
		};
		BFEC35281C839DA1005CB593 /* Sources */ = {
			isa = PBXSourcesBuildPhase;
			buildActionMask = 2147483647;
			files = (
				BF4F41DD1C94C2EF00EE5390 /* EloXMPPRosterCoreDataStorage.h in Sources */,
				BFD895C51C896F3800A6CA05 /* EloChat.swift in Sources */,
				BF7CB5751C91DD86001D4287 /* EloRoster.swift in Sources */,
				BFABEAD11CA9BE700035F0AF /* XMPPMessageArchiveManagement.xcdatamodeld in Sources */,
				BF35630A1C8F1E0700262548 /* EMPreferencesSwitchCell.swift in Sources */,
				BF35630E1C8F577100262548 /* EMAccountCell.swift in Sources */,
				BF30A51D1C8B555D00ADA6E0 /* PhoneMainViewController.swift in Sources */,
				BFDC159B1CAC3C0500E8A39C /* XMPPMessage+XEP_0313.m in Sources */,
				BF9D76BC1C97685600CC7727 /* EloUtils.swift in Sources */,
				BFD8BB441C88C628008CC251 /* EloConstants.swift in Sources */,
				BF1565701C84ED39008D6809 /* MulticastDelegateContainer.swift in Sources */,
				BFEC35991C83A91C005CB593 /* DataController.swift in Sources */,
				BF03C6501C8DEA8100C4EF25 /* GlobalMenuCell.swift in Sources */,
				BFD895C21C88FD2F00A6CA05 /* RosterViewController.swift in Sources */,
				BFEC359A1C83A91C005CB593 /* DataModel.xcdatamodeld in Sources */,
				BF30A51F1C8B584E00ADA6E0 /* GlobalMenuViewController.swift in Sources */,
				BF30A5211C8B598C00ADA6E0 /* PreferencesAccountViewController.swift in Sources */,
				BFEC359B1C83A91C005CB593 /* EloAccount.swift in Sources */,
				BF03C6561C8E40FD00C4EF25 /* EMPreferencesViewController.swift in Sources */,
				BFEC359C1C83A91C005CB593 /* EloConnection.swift in Sources */,
				BF7CB57B1C91FE5F001D4287 /* RosterCell.swift in Sources */,
				BF9D76BF1C98C82400CC7727 /* EloFetchedResultsController.swift in Sources */,
				BFD895DF1C8A5B2B00A6CA05 /* PadViewController.swift in Sources */,
				BF9D76B91C97242600CC7727 /* EloContactJid.swift in Sources */,
				BF4F41D01C94541F00EE5390 /* EloCapabilities.swift in Sources */,
				BFEA5A061C88F26000EF5304 /* EloMessage.swift in Sources */,
				BF35630C1C8F567C00262548 /* EMAccountsViewController.swift in Sources */,
				BF7CB5791C91E01E001D4287 /* EloXMPPRoster.xcdatamodeld in Sources */,
				BF7CB5721C91714E001D4287 /* EloXMPPRosterCoreDataStorage.m in Sources */,
				BF4F41DC1C94C1D300EE5390 /* EloPseudoStructs.swift in Sources */,
				BFDC159E1CAC630900E8A39C /* README.md in Sources */,
				BFD895D71C8A517600A6CA05 /* MessageViewController.swift in Sources */,
				BFEC359D1C83A91C005CB593 /* EloConnections.swift in Sources */,
				BFEC35311C839DA2005CB593 /* ViewController.swift in Sources */,
				BF4F41D61C94B3A600EE5390 /* EloChats.swift in Sources */,
				BF9D76B61C97240000CC7727 /* EloAccountJid.swift in Sources */,
				BF3563101C8F722A00262548 /* EMAddAccountViewController.swift in Sources */,
				BF03C6521C8E3BE100C4EF25 /* EMNotification.swift in Sources */,
				BFEC352F1C839DA2005CB593 /* AppDelegate.swift in Sources */,
			);
			runOnlyForDeploymentPostprocessing = 0;
		};
		BFEC353B1C839DA2005CB593 /* Sources */ = {
			isa = PBXSourcesBuildPhase;
			buildActionMask = 2147483647;
			files = (
				BFEC35441C839DA2005CB593 /* EloquenceIOSTests.swift in Sources */,
			);
			runOnlyForDeploymentPostprocessing = 0;
		};
		BFEC35461C839DA2005CB593 /* Sources */ = {
			isa = PBXSourcesBuildPhase;
			buildActionMask = 2147483647;
			files = (
				BFEC354F1C839DA2005CB593 /* EloquenceIOSUITests.swift in Sources */,
			);
			runOnlyForDeploymentPostprocessing = 0;
		};
/* End PBXSourcesBuildPhase section */

/* Begin PBXTargetDependency section */
		BFB630971C73CE990008179D /* PBXTargetDependency */ = {
			isa = PBXTargetDependency;
			target = BFB6307E1C73CE980008179D /* Eloquence */;
			targetProxy = BFB630961C73CE990008179D /* PBXContainerItemProxy */;
		};
		BFB630A21C73CE990008179D /* PBXTargetDependency */ = {
			isa = PBXTargetDependency;
			target = BFB6307E1C73CE980008179D /* Eloquence */;
			targetProxy = BFB630A11C73CE990008179D /* PBXContainerItemProxy */;
		};
		BFEC35411C839DA2005CB593 /* PBXTargetDependency */ = {
			isa = PBXTargetDependency;
			target = BFEC352B1C839DA1005CB593 /* EloquenceIOS */;
			targetProxy = BFEC35401C839DA2005CB593 /* PBXContainerItemProxy */;
		};
		BFEC354C1C839DA2005CB593 /* PBXTargetDependency */ = {
			isa = PBXTargetDependency;
			target = BFEC352B1C839DA1005CB593 /* EloquenceIOS */;
			targetProxy = BFEC354B1C839DA2005CB593 /* PBXContainerItemProxy */;
		};
/* End PBXTargetDependency section */

/* Begin PBXVariantGroup section */
		BFEC35321C839DA2005CB593 /* Pad.storyboard */ = {
			isa = PBXVariantGroup;
			children = (
				BFEC35331C839DA2005CB593 /* Base */,
			);
			name = Pad.storyboard;
			sourceTree = "<group>";
		};
		BFEC35371C839DA2005CB593 /* LaunchScreen.storyboard */ = {
			isa = PBXVariantGroup;
			children = (
				BFEC35381C839DA2005CB593 /* Base */,
			);
			name = LaunchScreen.storyboard;
			sourceTree = "<group>";
		};
/* End PBXVariantGroup section */

/* Begin XCBuildConfiguration section */
		BFB630A71C73CE990008179D /* Debug */ = {
			isa = XCBuildConfiguration;
			buildSettings = {
				ALWAYS_SEARCH_USER_PATHS = NO;
				CLANG_CXX_LANGUAGE_STANDARD = "gnu++0x";
				CLANG_CXX_LIBRARY = "libc++";
				CLANG_ENABLE_MODULES = YES;
				CLANG_ENABLE_OBJC_ARC = YES;
				CLANG_WARN_BOOL_CONVERSION = YES;
				CLANG_WARN_CONSTANT_CONVERSION = YES;
				CLANG_WARN_DIRECT_OBJC_ISA_USAGE = YES_ERROR;
				CLANG_WARN_EMPTY_BODY = YES;
				CLANG_WARN_ENUM_CONVERSION = YES;
				CLANG_WARN_INT_CONVERSION = YES;
				CLANG_WARN_OBJC_ROOT_CLASS = YES_ERROR;
				CLANG_WARN_UNREACHABLE_CODE = YES;
				CLANG_WARN__DUPLICATE_METHOD_MATCH = YES;
				CODE_SIGN_IDENTITY = "-";
				COPY_PHASE_STRIP = NO;
				DEBUG_INFORMATION_FORMAT = dwarf;
				ENABLE_STRICT_OBJC_MSGSEND = YES;
				ENABLE_TESTABILITY = YES;
				GCC_C_LANGUAGE_STANDARD = gnu99;
				GCC_DYNAMIC_NO_PIC = NO;
				GCC_NO_COMMON_BLOCKS = YES;
				GCC_OPTIMIZATION_LEVEL = 0;
				GCC_PREPROCESSOR_DEFINITIONS = (
					"DEBUG=1",
					"$(inherited)",
				);
				GCC_WARN_64_TO_32_BIT_CONVERSION = YES;
				GCC_WARN_ABOUT_RETURN_TYPE = YES_ERROR;
				GCC_WARN_UNDECLARED_SELECTOR = YES;
				GCC_WARN_UNINITIALIZED_AUTOS = YES_AGGRESSIVE;
				GCC_WARN_UNUSED_FUNCTION = YES;
				GCC_WARN_UNUSED_VARIABLE = YES;
				HEADER_SEARCH_PATHS = /usr/include/libxml2;
				MACOSX_DEPLOYMENT_TARGET = 10.11;
				MTL_ENABLE_DEBUG_INFO = YES;
				ONLY_ACTIVE_ARCH = YES;
				OTHER_LDFLAGS = "-lxml2";
				SDKROOT = macosx;
			};
			name = Debug;
		};
		BFB630A81C73CE990008179D /* Release */ = {
			isa = XCBuildConfiguration;
			buildSettings = {
				ALWAYS_SEARCH_USER_PATHS = NO;
				CLANG_CXX_LANGUAGE_STANDARD = "gnu++0x";
				CLANG_CXX_LIBRARY = "libc++";
				CLANG_ENABLE_MODULES = YES;
				CLANG_ENABLE_OBJC_ARC = YES;
				CLANG_WARN_BOOL_CONVERSION = YES;
				CLANG_WARN_CONSTANT_CONVERSION = YES;
				CLANG_WARN_DIRECT_OBJC_ISA_USAGE = YES_ERROR;
				CLANG_WARN_EMPTY_BODY = YES;
				CLANG_WARN_ENUM_CONVERSION = YES;
				CLANG_WARN_INT_CONVERSION = YES;
				CLANG_WARN_OBJC_ROOT_CLASS = YES_ERROR;
				CLANG_WARN_UNREACHABLE_CODE = YES;
				CLANG_WARN__DUPLICATE_METHOD_MATCH = YES;
				CODE_SIGN_IDENTITY = "-";
				COPY_PHASE_STRIP = NO;
				DEBUG_INFORMATION_FORMAT = "dwarf-with-dsym";
				ENABLE_NS_ASSERTIONS = NO;
				ENABLE_STRICT_OBJC_MSGSEND = YES;
				GCC_C_LANGUAGE_STANDARD = gnu99;
				GCC_NO_COMMON_BLOCKS = YES;
				GCC_WARN_64_TO_32_BIT_CONVERSION = YES;
				GCC_WARN_ABOUT_RETURN_TYPE = YES_ERROR;
				GCC_WARN_UNDECLARED_SELECTOR = YES;
				GCC_WARN_UNINITIALIZED_AUTOS = YES_AGGRESSIVE;
				GCC_WARN_UNUSED_FUNCTION = YES;
				GCC_WARN_UNUSED_VARIABLE = YES;
				HEADER_SEARCH_PATHS = /usr/include/libxml2;
				MACOSX_DEPLOYMENT_TARGET = 10.11;
				MTL_ENABLE_DEBUG_INFO = NO;
				OTHER_LDFLAGS = "-lxml2";
				SDKROOT = macosx;
			};
			name = Release;
		};
		BFB630AA1C73CE990008179D /* Debug */ = {
			isa = XCBuildConfiguration;
			baseConfigurationReference = 0A5FDE8C9090575DBB3F781A /* Pods-Eloquence.debug.xcconfig */;
			buildSettings = {
				ASSETCATALOG_COMPILER_APPICON_NAME = AppIcon;
				CLANG_ALLOW_NON_MODULAR_INCLUDES_IN_FRAMEWORK_MODULES = YES;
				CLANG_ENABLE_MODULES = YES;
				COMBINE_HIDPI_IMAGES = YES;
				HEADER_SEARCH_PATHS = (
					"$(inherited)",
					"\"${PODS_ROOT}/Headers/Private/XMPPFramework\"",
					"\"${PODS_ROOT}/Headers/Private/CCNPreferencesWindowController\"",
					"\"${PODS_ROOT}/Headers/Private/KissXML\"",
					"\"${PODS_ROOT}/Headers/Private/KeychainSwift\"",
					"\"${PODS_ROOT}/Headers/Private/CocoaAsyncSocket\"",
					"\"${PODS_ROOT}/Headers/Private/KSPFetchedResultsController\"",
					"\"${PODS_ROOT}/Headers/Private/JNWScrollView\"",
					"\"${PODS_ROOT}/Headers/Private/JNWCollectionView\"",
					"\"${PODS_ROOT}/Headers/Private/Atomics\"",
				);
				INFOPLIST_FILE = Eloquence/Info.plist;
				LD_RUNPATH_SEARCH_PATHS = "$(inherited) @executable_path/../Frameworks";
				LIBRARY_SEARCH_PATHS = (
					"$(inherited)",
					"\"${PODS_ROOT}/XMPPFramework/Vendor/libidn\"",
				);
				OTHER_CFLAGS = (
					"$(inherited)",
					"-DDDXML_LIBXML_MODULE_ENABLED=1",
					"-iquote",
					"\"$CONFIGURATION_BUILD_DIR/CCNPreferencesWindowController.framework/Headers\"",
					"-iquote",
					"\"$CONFIGURATION_BUILD_DIR/CocoaAsyncSocket.framework/Headers\"",
					"-iquote",
					"\"$CONFIGURATION_BUILD_DIR/CocoaLumberjack.framework/Headers\"",
					"-iquote",
					"\"$CONFIGURATION_BUILD_DIR/KissXML.framework/Headers\"",
					"-iquote",
					"\"$CONFIGURATION_BUILD_DIR/XMPPFramework.framework/Headers\"",
				);
				OTHER_LDFLAGS = (
					"$(inherited)",
					"-ObjC",
					"-framework",
					"\"CocoaAsyncSocket\"",
					"-framework",
					"\"CocoaLumberjack\"",
					"-framework",
					"\"KissXML\"",
					"-framework",
					"\"XMPPFramework\"",
					"-framework",
					"\"CoreServices\"",
				);
				PRODUCT_BUNDLE_IDENTIFIER = com.trigonmedia.Eloquence;
				PRODUCT_NAME = "$(TARGET_NAME)";
				SWIFT_OBJC_BRIDGING_HEADER = "Eloquence/Eloquence-Bridging-Header.h";
				SWIFT_OPTIMIZATION_LEVEL = "-Onone";
			};
			name = Debug;
		};
		BFB630AB1C73CE990008179D /* Release */ = {
			isa = XCBuildConfiguration;
			baseConfigurationReference = EBB504F406F01342352BB8D2 /* Pods-Eloquence.release.xcconfig */;
			buildSettings = {
				ASSETCATALOG_COMPILER_APPICON_NAME = AppIcon;
				CLANG_ALLOW_NON_MODULAR_INCLUDES_IN_FRAMEWORK_MODULES = YES;
				CLANG_ENABLE_MODULES = YES;
				COMBINE_HIDPI_IMAGES = YES;
				HEADER_SEARCH_PATHS = (
					"$(inherited)",
					"\"${PODS_ROOT}/Headers/Private/XMPPFramework\"",
					"\"${PODS_ROOT}/Headers/Private/CCNPreferencesWindowController\"",
					"\"${PODS_ROOT}/Headers/Private/KissXML\"",
					"\"${PODS_ROOT}/Headers/Private/KeychainSwift\"",
					"\"${PODS_ROOT}/Headers/Private/CocoaAsyncSocket\"",
					"\"${PODS_ROOT}/Headers/Private/KSPFetchedResultsController\"",
					"\"${PODS_ROOT}/Headers/Private/JNWScrollView\"",
					"\"${PODS_ROOT}/Headers/Private/JNWCollectionView\"",
					"\"${PODS_ROOT}/Headers/Private/Atomics\"",
				);
				INFOPLIST_FILE = Eloquence/Info.plist;
				LD_RUNPATH_SEARCH_PATHS = "$(inherited) @executable_path/../Frameworks";
				LIBRARY_SEARCH_PATHS = (
					"$(inherited)",
					"\"${PODS_ROOT}/XMPPFramework/Vendor/libidn\"",
				);
				OTHER_CFLAGS = (
					"$(inherited)",
					"-DDDXML_LIBXML_MODULE_ENABLED=1",
					"-iquote",
					"\"$CONFIGURATION_BUILD_DIR/CCNPreferencesWindowController.framework/Headers\"",
					"-iquote",
					"\"$CONFIGURATION_BUILD_DIR/CocoaAsyncSocket.framework/Headers\"",
					"-iquote",
					"\"$CONFIGURATION_BUILD_DIR/CocoaLumberjack.framework/Headers\"",
					"-iquote",
					"\"$CONFIGURATION_BUILD_DIR/KissXML.framework/Headers\"",
					"-iquote",
					"\"$CONFIGURATION_BUILD_DIR/XMPPFramework.framework/Headers\"",
				);
				OTHER_LDFLAGS = (
					"$(inherited)",
					"-ObjC",
					"-framework",
					"\"CocoaAsyncSocket\"",
					"-framework",
					"\"CocoaLumberjack\"",
					"-framework",
					"\"KissXML\"",
					"-framework",
					"\"XMPPFramework\"",
					"-framework",
					"\"CoreServices\"",
				);
				PRODUCT_BUNDLE_IDENTIFIER = com.trigonmedia.Eloquence;
				PRODUCT_NAME = "$(TARGET_NAME)";
				SWIFT_OBJC_BRIDGING_HEADER = "Eloquence/Eloquence-Bridging-Header.h";
			};
			name = Release;
		};
		BFB630AD1C73CE990008179D /* Debug */ = {
			isa = XCBuildConfiguration;
			buildSettings = {
				BUNDLE_LOADER = "$(TEST_HOST)";
				COMBINE_HIDPI_IMAGES = YES;
				INFOPLIST_FILE = EloquenceTests/Info.plist;
				LD_RUNPATH_SEARCH_PATHS = "$(inherited) @executable_path/../Frameworks @loader_path/../Frameworks";
				PRODUCT_BUNDLE_IDENTIFIER = com.trigonmedia.EloquenceTests;
				PRODUCT_NAME = "$(TARGET_NAME)";
				TEST_HOST = "$(BUILT_PRODUCTS_DIR)/Eloquence.app/Contents/MacOS/Eloquence";
			};
			name = Debug;
		};
		BFB630AE1C73CE990008179D /* Release */ = {
			isa = XCBuildConfiguration;
			buildSettings = {
				BUNDLE_LOADER = "$(TEST_HOST)";
				COMBINE_HIDPI_IMAGES = YES;
				INFOPLIST_FILE = EloquenceTests/Info.plist;
				LD_RUNPATH_SEARCH_PATHS = "$(inherited) @executable_path/../Frameworks @loader_path/../Frameworks";
				PRODUCT_BUNDLE_IDENTIFIER = com.trigonmedia.EloquenceTests;
				PRODUCT_NAME = "$(TARGET_NAME)";
				TEST_HOST = "$(BUILT_PRODUCTS_DIR)/Eloquence.app/Contents/MacOS/Eloquence";
			};
			name = Release;
		};
		BFB630B01C73CE990008179D /* Debug */ = {
			isa = XCBuildConfiguration;
			buildSettings = {
				COMBINE_HIDPI_IMAGES = YES;
				INFOPLIST_FILE = EloquenceUITests/Info.plist;
				LD_RUNPATH_SEARCH_PATHS = "$(inherited) @executable_path/../Frameworks @loader_path/../Frameworks";
				PRODUCT_BUNDLE_IDENTIFIER = com.trigonmedia.EloquenceUITests;
				PRODUCT_NAME = "$(TARGET_NAME)";
				TEST_TARGET_NAME = Eloquence;
				USES_XCTRUNNER = YES;
			};
			name = Debug;
		};
		BFB630B11C73CE990008179D /* Release */ = {
			isa = XCBuildConfiguration;
			buildSettings = {
				COMBINE_HIDPI_IMAGES = YES;
				INFOPLIST_FILE = EloquenceUITests/Info.plist;
				LD_RUNPATH_SEARCH_PATHS = "$(inherited) @executable_path/../Frameworks @loader_path/../Frameworks";
				PRODUCT_BUNDLE_IDENTIFIER = com.trigonmedia.EloquenceUITests;
				PRODUCT_NAME = "$(TARGET_NAME)";
				TEST_TARGET_NAME = Eloquence;
				USES_XCTRUNNER = YES;
			};
			name = Release;
		};
		BFEC35511C839DA2005CB593 /* Debug */ = {
			isa = XCBuildConfiguration;
			baseConfigurationReference = 9999746138C218BBFB88AA19 /* Pods-EloquenceIOS.debug.xcconfig */;
			buildSettings = {
				ASSETCATALOG_COMPILER_APPICON_NAME = AppIcon;
				CODE_SIGN_IDENTITY = "iPhone Developer";
				"CODE_SIGN_IDENTITY[sdk=iphoneos*]" = "iPhone Developer";
				FRAMEWORK_SEARCH_PATHS = (
					"$(inherited)",
					"/opt/eloquence/Pods/../build/Debug-iphoneos",
				);
				HEADER_SEARCH_PATHS = (
					"$(SDKROOT)/usr/include/libxml2",
					"$(SDKROOT)/usr/include/libxml2",
					"$(PODS_ROOT)/KissXML/libxml",
					"\"$(PODS_ROOT)/../../../libxml\"",
					"$(inherited)",
					"$(SDKROOT)/usr/include/libxml2",
					"$(PODS_ROOT)/KissXML/libxml",
					"$(SDKROOT)/usr/include/libresolv",
					"\"${PODS_ROOT}/Headers/Private/XMPPFramework\"",
					"\"${PODS_ROOT}/Headers/Private/KissXML\"",
					"\"${PODS_ROOT}/Headers/Private/KeychainSwift\"",
					"\"${PODS_ROOT}/Headers/Private/CocoaAsyncSocket\"",
					"\"${PODS_ROOT}/Headers/Private/WYPopoverController\"",
					"\"${PODS_ROOT}/Headers/Private/JSQMessagesViewController\"",
					"\"${PODS_ROOT}/Headers/Private/Atomics\"",
				);
				INFOPLIST_FILE = EloquenceIOS/Info.plist;
				IPHONEOS_DEPLOYMENT_TARGET = 9.2;
				LD_RUNPATH_SEARCH_PATHS = "$(inherited) @executable_path/Frameworks";
				LIBRARY_SEARCH_PATHS = (
					"$(inherited)",
					"\"$(PODS_ROOT)/XMPPFramework/Vendor/libidn\"",
				);
				PRODUCT_BUNDLE_IDENTIFIER = com.trigonmedia.EloquenceIOS;
				PRODUCT_NAME = "$(TARGET_NAME)";
				SDKROOT = iphoneos;
				SWIFT_OBJC_BRIDGING_HEADER = "EloquenceIOS/EloquenceIOS-Bridging-Header.h";
				SWIFT_OPTIMIZATION_LEVEL = "-Onone";
				TARGETED_DEVICE_FAMILY = "1,2";
			};
			name = Debug;
		};
		BFEC35521C839DA2005CB593 /* Release */ = {
			isa = XCBuildConfiguration;
			baseConfigurationReference = A51378B492D5C2B0B9E8AC28 /* Pods-EloquenceIOS.release.xcconfig */;
			buildSettings = {
				ASSETCATALOG_COMPILER_APPICON_NAME = AppIcon;
				CODE_SIGN_IDENTITY = "iPhone Developer";
				"CODE_SIGN_IDENTITY[sdk=iphoneos*]" = "iPhone Developer";
				FRAMEWORK_SEARCH_PATHS = (
					"$(inherited)",
					"/opt/eloquence/Pods/../build/Debug-iphoneos",
				);
				HEADER_SEARCH_PATHS = (
					"$(SDKROOT)/usr/include/libxml2",
					"$(SDKROOT)/usr/include/libxml2",
					"$(PODS_ROOT)/KissXML/libxml",
					"\"$(PODS_ROOT)/../../../libxml\"",
					"$(inherited)",
					"$(SDKROOT)/usr/include/libxml2",
					"$(PODS_ROOT)/KissXML/libxml",
					"$(SDKROOT)/usr/include/libresolv",
					"\"${PODS_ROOT}/Headers/Private/XMPPFramework\"",
					"\"${PODS_ROOT}/Headers/Private/KissXML\"",
					"\"${PODS_ROOT}/Headers/Private/KeychainSwift\"",
					"\"${PODS_ROOT}/Headers/Private/CocoaAsyncSocket\"",
					"\"${PODS_ROOT}/Headers/Private/WYPopoverController\"",
					"\"${PODS_ROOT}/Headers/Private/JSQMessagesViewController\"",
					"\"${PODS_ROOT}/Headers/Private/Atomics\"",
				);
				INFOPLIST_FILE = EloquenceIOS/Info.plist;
				IPHONEOS_DEPLOYMENT_TARGET = 9.2;
				LD_RUNPATH_SEARCH_PATHS = "$(inherited) @executable_path/Frameworks";
				LIBRARY_SEARCH_PATHS = (
					"$(inherited)",
					"\"$(PODS_ROOT)/XMPPFramework/Vendor/libidn\"",
				);
				PRODUCT_BUNDLE_IDENTIFIER = com.trigonmedia.EloquenceIOS;
				PRODUCT_NAME = "$(TARGET_NAME)";
				SDKROOT = iphoneos;
				SWIFT_OBJC_BRIDGING_HEADER = "EloquenceIOS/EloquenceIOS-Bridging-Header.h";
				TARGETED_DEVICE_FAMILY = "1,2";
				VALIDATE_PRODUCT = YES;
			};
			name = Release;
		};
		BFEC35531C839DA2005CB593 /* Debug */ = {
			isa = XCBuildConfiguration;
			buildSettings = {
				BUNDLE_LOADER = "$(TEST_HOST)";
				"CODE_SIGN_IDENTITY[sdk=iphoneos*]" = "iPhone Developer";
				INFOPLIST_FILE = EloquenceIOSTests/Info.plist;
				IPHONEOS_DEPLOYMENT_TARGET = 9.2;
				LD_RUNPATH_SEARCH_PATHS = "$(inherited) @executable_path/Frameworks @loader_path/Frameworks";
				PRODUCT_BUNDLE_IDENTIFIER = com.trigonmedia.EloquenceIOSTests;
				PRODUCT_NAME = "$(TARGET_NAME)";
				SDKROOT = iphoneos;
				TEST_HOST = "$(BUILT_PRODUCTS_DIR)/EloquenceIOS.app/EloquenceIOS";
			};
			name = Debug;
		};
		BFEC35541C839DA2005CB593 /* Release */ = {
			isa = XCBuildConfiguration;
			buildSettings = {
				BUNDLE_LOADER = "$(TEST_HOST)";
				"CODE_SIGN_IDENTITY[sdk=iphoneos*]" = "iPhone Developer";
				INFOPLIST_FILE = EloquenceIOSTests/Info.plist;
				IPHONEOS_DEPLOYMENT_TARGET = 9.2;
				LD_RUNPATH_SEARCH_PATHS = "$(inherited) @executable_path/Frameworks @loader_path/Frameworks";
				PRODUCT_BUNDLE_IDENTIFIER = com.trigonmedia.EloquenceIOSTests;
				PRODUCT_NAME = "$(TARGET_NAME)";
				SDKROOT = iphoneos;
				TEST_HOST = "$(BUILT_PRODUCTS_DIR)/EloquenceIOS.app/EloquenceIOS";
				VALIDATE_PRODUCT = YES;
			};
			name = Release;
		};
		BFEC35551C839DA2005CB593 /* Debug */ = {
			isa = XCBuildConfiguration;
			buildSettings = {
				"CODE_SIGN_IDENTITY[sdk=iphoneos*]" = "iPhone Developer";
				INFOPLIST_FILE = EloquenceIOSUITests/Info.plist;
				IPHONEOS_DEPLOYMENT_TARGET = 9.2;
				LD_RUNPATH_SEARCH_PATHS = "$(inherited) @executable_path/Frameworks @loader_path/Frameworks";
				PRODUCT_BUNDLE_IDENTIFIER = com.trigonmedia.EloquenceIOSUITests;
				PRODUCT_NAME = "$(TARGET_NAME)";
				SDKROOT = iphoneos;
				TEST_TARGET_NAME = EloquenceIOS;
				USES_XCTRUNNER = YES;
			};
			name = Debug;
		};
		BFEC35561C839DA2005CB593 /* Release */ = {
			isa = XCBuildConfiguration;
			buildSettings = {
				"CODE_SIGN_IDENTITY[sdk=iphoneos*]" = "iPhone Developer";
				INFOPLIST_FILE = EloquenceIOSUITests/Info.plist;
				IPHONEOS_DEPLOYMENT_TARGET = 9.2;
				LD_RUNPATH_SEARCH_PATHS = "$(inherited) @executable_path/Frameworks @loader_path/Frameworks";
				PRODUCT_BUNDLE_IDENTIFIER = com.trigonmedia.EloquenceIOSUITests;
				PRODUCT_NAME = "$(TARGET_NAME)";
				SDKROOT = iphoneos;
				TEST_TARGET_NAME = EloquenceIOS;
				USES_XCTRUNNER = YES;
				VALIDATE_PRODUCT = YES;
			};
			name = Release;
		};
/* End XCBuildConfiguration section */

/* Begin XCConfigurationList section */
		BFB6307A1C73CE980008179D /* Build configuration list for PBXProject "Eloquence" */ = {
			isa = XCConfigurationList;
			buildConfigurations = (
				BFB630A71C73CE990008179D /* Debug */,
				BFB630A81C73CE990008179D /* Release */,
			);
			defaultConfigurationIsVisible = 0;
			defaultConfigurationName = Release;
		};
		BFB630A91C73CE990008179D /* Build configuration list for PBXNativeTarget "Eloquence" */ = {
			isa = XCConfigurationList;
			buildConfigurations = (
				BFB630AA1C73CE990008179D /* Debug */,
				BFB630AB1C73CE990008179D /* Release */,
			);
			defaultConfigurationIsVisible = 0;
			defaultConfigurationName = Release;
		};
		BFB630AC1C73CE990008179D /* Build configuration list for PBXNativeTarget "EloquenceTests" */ = {
			isa = XCConfigurationList;
			buildConfigurations = (
				BFB630AD1C73CE990008179D /* Debug */,
				BFB630AE1C73CE990008179D /* Release */,
			);
			defaultConfigurationIsVisible = 0;
			defaultConfigurationName = Release;
		};
		BFB630AF1C73CE990008179D /* Build configuration list for PBXNativeTarget "EloquenceUITests" */ = {
			isa = XCConfigurationList;
			buildConfigurations = (
				BFB630B01C73CE990008179D /* Debug */,
				BFB630B11C73CE990008179D /* Release */,
			);
			defaultConfigurationIsVisible = 0;
			defaultConfigurationName = Release;
		};
		BFEC35571C839DA2005CB593 /* Build configuration list for PBXNativeTarget "EloquenceIOS" */ = {
			isa = XCConfigurationList;
			buildConfigurations = (
				BFEC35511C839DA2005CB593 /* Debug */,
				BFEC35521C839DA2005CB593 /* Release */,
			);
			defaultConfigurationIsVisible = 0;
			defaultConfigurationName = Release;
		};
		BFEC35581C839DA2005CB593 /* Build configuration list for PBXNativeTarget "EloquenceIOSTests" */ = {
			isa = XCConfigurationList;
			buildConfigurations = (
				BFEC35531C839DA2005CB593 /* Debug */,
				BFEC35541C839DA2005CB593 /* Release */,
			);
			defaultConfigurationIsVisible = 0;
			defaultConfigurationName = Release;
		};
		BFEC35591C839DA2005CB593 /* Build configuration list for PBXNativeTarget "EloquenceIOSUITests" */ = {
			isa = XCConfigurationList;
			buildConfigurations = (
				BFEC35551C839DA2005CB593 /* Debug */,
				BFEC35561C839DA2005CB593 /* Release */,
			);
			defaultConfigurationIsVisible = 0;
			defaultConfigurationName = Release;
		};
/* End XCConfigurationList section */

/* Begin XCVersionGroup section */
		BF7CB5761C91E01E001D4287 /* EloXMPPRoster.xcdatamodeld */ = {
			isa = XCVersionGroup;
			children = (
				BF7CB5771C91E01E001D4287 /* EloXMPPRoster.xcdatamodel */,
			);
			currentVersion = BF7CB5771C91E01E001D4287 /* EloXMPPRoster.xcdatamodel */;
			path = EloXMPPRoster.xcdatamodeld;
			sourceTree = "<group>";
			versionGroupType = wrapper.xcdatamodel;
		};
		BFABEACE1CA9BE700035F0AF /* XMPPMessageArchiveManagement.xcdatamodeld */ = {
			isa = XCVersionGroup;
			children = (
				BFABEACF1CA9BE700035F0AF /* XMPPMessageArchiveManagement.xcdatamodel */,
			);
			currentVersion = BFABEACF1CA9BE700035F0AF /* XMPPMessageArchiveManagement.xcdatamodel */;
			path = XMPPMessageArchiveManagement.xcdatamodeld;
			sourceTree = "<group>";
			versionGroupType = wrapper.xcdatamodel;
		};
		BFEC358F1C83A50D005CB593 /* DataModel.xcdatamodeld */ = {
			isa = XCVersionGroup;
			children = (
				BFEC35901C83A50D005CB593 /* DataModel.xcdatamodel */,
			);
			currentVersion = BFEC35901C83A50D005CB593 /* DataModel.xcdatamodel */;
			path = DataModel.xcdatamodeld;
			sourceTree = "<group>";
			versionGroupType = wrapper.xcdatamodel;
		};
/* End XCVersionGroup section */
	};
	rootObject = BFB630771C73CE980008179D /* Project object */;
}
